PODS:
  - Alamofire (4.4.0)
  - IQKeyboardManagerSwift (5.0.6)
  - MagicalRecord (2.3.2):
    - MagicalRecord/Core (= 2.3.2)
  - MagicalRecord/Core (2.3.2)
  - MZAppearance (1.1.6)
  - MZFormSheetController (3.1.3):
    - MZAppearance
    - MZFormSheetController/Core (= 3.1.3)
  - MZFormSheetController/Core (3.1.3):
    - MZAppearance
  - Siren (2.0.2)
  - SwiftyBeaver (1.2.2)
  - SwiftyJSON (3.1.4)
  - SwiftyTimer (2.0.0)

DEPENDENCIES:
  - Alamofire
  - IQKeyboardManagerSwift
  - MagicalRecord
  - MZFormSheetController
  - Siren
  - SwiftyBeaver
  - SwiftyJSON
  - SwiftyTimer

SPEC CHECKSUMS:
  Alamofire: dc44b1600b800eb63da6a19039a0083d62a6a62d
  IQKeyboardManagerSwift: 02bfbb0dff71c66d0ab77d80d25dfce0c3717735
  MagicalRecord: 53bed74b4323b930992a725be713e53b37d19755
  MZAppearance: 0c06d3fa9cc55142f1da14bc8631fbe8fd6e19d5
  MZFormSheetController: da2df509805d757e04b052915057d8e1a338b050
  Siren: 33994aad31aab24344689b3a918d0a9d9eede2e2
  SwiftyBeaver: 90a39e3dc5136b7285f2e4c870b107e3933b8b84
  SwiftyJSON: c2842d878f95482ffceec5709abc3d05680c0220
  SwiftyTimer: 2efd74b060d69ad4f1496baf5bbedbe132125fcf

PODFILE CHECKSUM: c12cfb8716e0f78f6ad2d6755cbf06d2fd0110a3

COCOAPODS: 1.3.1
