PODS:
  - Alamofire (4.6.0)
  - Charts (3.0.3):
    - Charts/Core (= 3.0.3)
  - Charts/Core (3.0.3)
  - HexColors (6.0.0)
  - IQKeyboardManagerSwift (5.0.7)
  - MagicalRecord (2.3.2):
    - MagicalRecord/Core (= 2.3.2)
  - MagicalRecord/Core (2.3.2)
  - MBProgressHUD (1.1.0)
  - Pgyer (2.8.9)
  - PgyUpdate (1.5)
  - Reachability (3.2)
  - Siren (2.0.2)
  - SwiftIconFont (2.7.1)
  - SwiftyBeaver (1.5.1)
  - SwiftyJSON (3.1.4)
  - SwiftyTimer (2.0.0)
  - UIButton-SSEdgeInsets (0.1.7)

DEPENDENCIES:
  - Alamofire
  - Charts (= 3.0.3)
  - HexColors
  - IQKeyboardManagerSwift
  - MagicalRecord
  - MBProgressHUD
  - Pgyer
  - PgyUpdate
  - Reachability
  - Siren
  - SwiftIconFont (= 2.7.1)
  - SwiftyBeaver
  - SwiftyJSON
  - SwiftyTimer
  - UIButton-SSEdgeInsets

SPEC REPOS:
  https://github.com/cocoapods/specs.git:
    - Alamofire
    - Charts
    - HexColors
    - IQKeyboardManagerSwift
    - MagicalRecord
    - MBProgressHUD
    - Pgyer
    - PgyUpdate
    - Reachability
    - Siren
    - SwiftIconFont
    - SwiftyBeaver
    - SwiftyJSON
    - SwiftyTimer
    - UIButton-SSEdgeInsets

SPEC CHECKSUMS:
  Alamofire: f41a599bd63041760b26d393ec1069d9d7b917f4
  Charts: bcde37724c161958c1438dd4883971fcb2d50c06
  HexColors: f8c66339541a74bb08905bfe7cd4f8cc85e9e173
  IQKeyboardManagerSwift: 30fb3a61de1af53a95e02b80fb54ed0a19d5ede5
  MagicalRecord: 53bed74b4323b930992a725be713e53b37d19755
  MBProgressHUD: e7baa36a220447d8aeb12769bf0585582f3866d9
  Pgyer: 830654e51e23f754cce5d8b3ea9ba72be68452eb
  PgyUpdate: bad71685b91bba4aa520b7fe29356a476700fdf2
  Reachability: 33e18b67625424e47b6cde6d202dce689ad7af96
  Siren: 33994aad31aab24344689b3a918d0a9d9eede2e2
  SwiftIconFont: 33d13d656c2dd7ed8464169a815b5b81d7250878
  SwiftyBeaver: 4f74563624b2c1e821c522c54142b5dd5ebb0f30
  SwiftyJSON: c2842d878f95482ffceec5709abc3d05680c0220
  SwiftyTimer: 2efd74b060d69ad4f1496baf5bbedbe132125fcf
  UIButton-SSEdgeInsets: 64a600adc670d98e140ddcde1d0e64d7b952502c

PODFILE CHECKSUM: f961455c08e8b76765aa65b7554e54dcf5cb4763

COCOAPODS: 1.5.3
