// !$*UTF8*$!
{
	archiveVersion = 1;
	classes = {
	};
	objectVersion = 46;
	objects = {

/* Begin PBXBuildFile section */
		0A0B53151FC6C53100CC094D /* ScanViewController.swift in Sources */ = {isa = PBXBuildFile; fileRef = 0A0B53141FC6C53100CC094D /* ScanViewController.swift */; };
		0A0B53191FC7CA3F00CC094D /* WatchApi.plist in Resources */ = {isa = PBXBuildFile; fileRef = 0A0B53181FC7CA3F00CC094D /* WatchApi.plist */; };
		0A1A85281FC595FF00EEA718 /* SBManager.swift in Sources */ = {isa = PBXBuildFile; fileRef = 0A1A85261FC595FF00EEA718 /* SBManager.swift */; };
		0A1F15722086033800149049 /* CoreTelephony.framework in Frameworks */ = {isa = PBXBuildFile; fileRef = 0A1F15712086033800149049 /* CoreTelephony.framework */; };
		0A1F15742086034300149049 /* SystemConfiguration.framework in Frameworks */ = {isa = PBXBuildFile; fileRef = 0A1F15732086034300149049 /* SystemConfiguration.framework */; };
		0A1F15762086034D00149049 /* AudioToolbox.framework in Frameworks */ = {isa = PBXBuildFile; fileRef = 0A1F15752086034C00149049 /* AudioToolbox.framework */; };
		0A1F15782086035500149049 /* AVFoundation.framework in Frameworks */ = {isa = PBXBuildFile; fileRef = 0A1F15772086035500149049 /* AVFoundation.framework */; };
		0A1F157A2086035D00149049 /* OpenGLES.framework in Frameworks */ = {isa = PBXBuildFile; fileRef = 0A1F15792086035D00149049 /* OpenGLES.framework */; };
		0A1F157C2086036300149049 /* CoreMotion.framework in Frameworks */ = {isa = PBXBuildFile; fileRef = 0A1F157B2086036300149049 /* CoreMotion.framework */; };
		0A27F68F202946A600BAA063 /* Step+Extension.swift in Sources */ = {isa = PBXBuildFile; fileRef = 0A27F68E202946A600BAA063 /* Step+Extension.swift */; };
		0A304E45205B9FAB003DEC0A /* NOTIFY.m4a in Resources */ = {isa = PBXBuildFile; fileRef = 0A304E44205B9FAB003DEC0A /* NOTIFY.m4a */; };
		0A304E51205BB0BB003DEC0A /* NOTIFY_TAYLOR.png in Resources */ = {isa = PBXBuildFile; fileRef = 0A304E50205BB0BB003DEC0A /* NOTIFY_TAYLOR.png */; };
		0A32C5582047AA9600BD6A5B /* BluetoothController.swift in Sources */ = {isa = PBXBuildFile; fileRef = 0A32C5572047AA9600BD6A5B /* BluetoothController.swift */; };
		472269740082FD357C2F3E36 /* Pods_Watch_TAYLOR.framework in Frameworks */ = {isa = PBXBuildFile; fileRef = 1282BDAA315CD31379DC7D33 /* Pods_Watch_TAYLOR.framework */; };
		491C5C543FF31F54BF07A26D /* Pods_Watch_SEAGULL.framework in Frameworks */ = {isa = PBXBuildFile; fileRef = 450D1568F01D2AEA8221D9C7 /* Pods_Watch_SEAGULL.framework */; };
		4B0E24CD2067CD6200B66ACD /* ResizedTabBar.swift in Sources */ = {isa = PBXBuildFile; fileRef = 4B0E24CC2067CD6200B66ACD /* ResizedTabBar.swift */; };
		4B0E24CE2067CD6200B66ACD /* ResizedTabBar.swift in Sources */ = {isa = PBXBuildFile; fileRef = 4B0E24CC2067CD6200B66ACD /* ResizedTabBar.swift */; };
		4B0E24CF2067CD6200B66ACD /* ResizedTabBar.swift in Sources */ = {isa = PBXBuildFile; fileRef = 4B0E24CC2067CD6200B66ACD /* ResizedTabBar.swift */; };
		4B0E24D42067E70F00B66ACD /* Localizable.strings in Resources */ = {isa = PBXBuildFile; fileRef = 4B0E24D82067E70F00B66ACD /* Localizable.strings */; };
		4B0E24D52067E70F00B66ACD /* Localizable.strings in Resources */ = {isa = PBXBuildFile; fileRef = 4B0E24D82067E70F00B66ACD /* Localizable.strings */; };
		4B0E24D62067E70F00B66ACD /* Localizable.strings in Resources */ = {isa = PBXBuildFile; fileRef = 4B0E24D82067E70F00B66ACD /* Localizable.strings */; };
		4B1363941FD25D8000AAE628 /* TimeController.swift in Sources */ = {isa = PBXBuildFile; fileRef = 4B1363931FD25D8000AAE628 /* TimeController.swift */; };
		4B167E9E2014A31D009DCD4D /* DeviceOptionsController.swift in Sources */ = {isa = PBXBuildFile; fileRef = 4B167E9D2014A31D009DCD4D /* DeviceOptionsController.swift */; };
		4B167EBF20166900009DCD4D /* NavigationBar.swift in Sources */ = {isa = PBXBuildFile; fileRef = 4B167EBE20166900009DCD4D /* NavigationBar.swift */; };
		4B167EC120166C82009DCD4D /* BaseNavigationController.swift in Sources */ = {isa = PBXBuildFile; fileRef = 4B167EC020166C82009DCD4D /* BaseNavigationController.swift */; };
		4B2BB26E200B767A00ED482E /* SBManager+watch.swift in Sources */ = {isa = PBXBuildFile; fileRef = 4B2BB26D200B767A00ED482E /* SBManager+watch.swift */; };
		4B2BB271200D1DC000ED482E /* WatchView.xib in Resources */ = {isa = PBXBuildFile; fileRef = 4B2BB270200D1DC000ED482E /* WatchView.xib */; };
		4B2BB273200D22A900ED482E /* WatchView.swift in Sources */ = {isa = PBXBuildFile; fileRef = 4B2BB272200D22A900ED482E /* WatchView.swift */; };
		4B2BB275200FBC2900ED482E /* DesignableView.swift in Sources */ = {isa = PBXBuildFile; fileRef = 4B2BB274200FBC2900ED482E /* DesignableView.swift */; };
		4B2BB277200FBCF000ED482E /* RoundView.swift in Sources */ = {isa = PBXBuildFile; fileRef = 4B2BB276200FBCF000ED482E /* RoundView.swift */; };
		4B2BB27B200FC7C000ED482E /* TitleView.xib in Resources */ = {isa = PBXBuildFile; fileRef = 4B2BB27A200FC7C000ED482E /* TitleView.xib */; };
		4B2BB27D200FC94400ED482E /* TitleView.swift in Sources */ = {isa = PBXBuildFile; fileRef = 4B2BB27C200FC94400ED482E /* TitleView.swift */; };
		4B2BB2832011182300ED482E /* HomeController.swift in Sources */ = {isa = PBXBuildFile; fileRef = 4B2BB2822011182300ED482E /* HomeController.swift */; };
		4B2BB28620112B9F00ED482E /* WatchFace.xib in Resources */ = {isa = PBXBuildFile; fileRef = 4B2BB28520112B9F00ED482E /* WatchFace.xib */; };
		4B2BB28820112BB500ED482E /* WatchFace.swift in Sources */ = {isa = PBXBuildFile; fileRef = 4B2BB28720112BB500ED482E /* WatchFace.swift */; };
		4B2BB29120113EBF00ED482E /* RoundButton.swift in Sources */ = {isa = PBXBuildFile; fileRef = 4B2BB29020113EBF00ED482E /* RoundButton.swift */; };
		4B32BADF1FD30EF700EFC3E4 /* SettingController.swift in Sources */ = {isa = PBXBuildFile; fileRef = 4B32BADE1FD30EF700EFC3E4 /* SettingController.swift */; };
		4B3BD6B92030527500B7A3BD /* CBUtils.swift in Sources */ = {isa = PBXBuildFile; fileRef = 4B3BD6B82030527500B7A3BD /* CBUtils.swift */; };
		4B48DA352017B9460067ECA0 /* HealthController.swift in Sources */ = {isa = PBXBuildFile; fileRef = 4B48DA342017B9450067ECA0 /* HealthController.swift */; };
		4B48DA382018F9C60067ECA0 /* TimeZoneController.swift in Sources */ = {isa = PBXBuildFile; fileRef = 4B48DA372018F9C60067ECA0 /* TimeZoneController.swift */; };
		4B5971E11FCF35B300F744F9 /* SBManager+enum.swift in Sources */ = {isa = PBXBuildFile; fileRef = 4B5971E01FCF35B300F744F9 /* SBManager+enum.swift */; };
		4B61EA131FDC6263001FA30F /* Notification+Extension.swift in Sources */ = {isa = PBXBuildFile; fileRef = 4B61EA121FDC6263001FA30F /* Notification+Extension.swift */; };
		4B61EA1C1FDC6F5B001FA30F /* Project.xcdatamodel in Sources */ = {isa = PBXBuildFile; fileRef = 4B61EA1B1FDC6F5B001FA30F /* Project.xcdatamodel */; };
		4B6691B7203C118E001421CB /* SBServices.plist in Resources */ = {isa = PBXBuildFile; fileRef = 4B6691B6203C118E001421CB /* SBServices.plist */; };
		4B6691B9203C20E6001421CB /* SBService+Extension.swift in Sources */ = {isa = PBXBuildFile; fileRef = 4B6691B8203C20E6001421CB /* SBService+Extension.swift */; };
		4B6DB859204AEC5F0029A10E /* BalloonMarker.swift in Sources */ = {isa = PBXBuildFile; fileRef = 4B6DB858204AEC5F0029A10E /* BalloonMarker.swift */; };
		4B7277991F12A021009AC306 /* BaseViewController.swift in Sources */ = {isa = PBXBuildFile; fileRef = 4B7277981F12A021009AC306 /* BaseViewController.swift */; };
		4B8E585C1FC4A45E00FE7B75 /* SBPeripheral.swift in Sources */ = {isa = PBXBuildFile; fileRef = 4B8E585B1FC4A45E00FE7B75 /* SBPeripheral.swift */; };
		4B8EAB29201F83EC00B2A9C6 /* ProfileController.swift in Sources */ = {isa = PBXBuildFile; fileRef = 4B8EAB28201F83EC00B2A9C6 /* ProfileController.swift */; };
		4B9F7DDA1EEEF8FC009C13A5 /* Helper.swift in Sources */ = {isa = PBXBuildFile; fileRef = 4B9F7DD91EEEF8FC009C13A5 /* Helper.swift */; };
		4B9F7DDC1EEEF932009C13A5 /* Config.swift in Sources */ = {isa = PBXBuildFile; fileRef = 4B9F7DDB1EEEF932009C13A5 /* Config.swift */; };
		4BA05965205E55F90047894C /* RoundView.swift in Sources */ = {isa = PBXBuildFile; fileRef = 4B2BB276200FBCF000ED482E /* RoundView.swift */; };
		4BA05966205E55F90047894C /* ApiHelper.swift in Sources */ = {isa = PBXBuildFile; fileRef = 4BDF65091F124471003230A1 /* ApiHelper.swift */; };
		4BA05967205E55F90047894C /* BluetoothController.swift in Sources */ = {isa = PBXBuildFile; fileRef = 0A32C5572047AA9600BD6A5B /* BluetoothController.swift */; };
		4BA05968205E55F90047894C /* TimeController.swift in Sources */ = {isa = PBXBuildFile; fileRef = 4B1363931FD25D8000AAE628 /* TimeController.swift */; };
		4BA05969205E55F90047894C /* DeviceOptionsController.swift in Sources */ = {isa = PBXBuildFile; fileRef = 4B167E9D2014A31D009DCD4D /* DeviceOptionsController.swift */; };
		4BA0596A205E55F90047894C /* BaseNavigationController.swift in Sources */ = {isa = PBXBuildFile; fileRef = 4B167EC020166C82009DCD4D /* BaseNavigationController.swift */; };
		4BA0596B205E55F90047894C /* ProfileController.swift in Sources */ = {isa = PBXBuildFile; fileRef = 4B8EAB28201F83EC00B2A9C6 /* ProfileController.swift */; };
		4BA0596C205E55F90047894C /* SBManager.swift in Sources */ = {isa = PBXBuildFile; fileRef = 0A1A85261FC595FF00EEA718 /* SBManager.swift */; };
		4BA0596D205E55F90047894C /* ScanViewController.swift in Sources */ = {isa = PBXBuildFile; fileRef = 0A0B53141FC6C53100CC094D /* ScanViewController.swift */; };
		4BA0596E205E55F90047894C /* RoundButton.swift in Sources */ = {isa = PBXBuildFile; fileRef = 4B2BB29020113EBF00ED482E /* RoundButton.swift */; };
		4BA0596F205E55F90047894C /* HealthController.swift in Sources */ = {isa = PBXBuildFile; fileRef = 4B48DA342017B9450067ECA0 /* HealthController.swift */; };
		4BA05970205E55F90047894C /* AppDelegate.swift in Sources */ = {isa = PBXBuildFile; fileRef = 4BA6EE0C1EE87B7B0098C4DA /* AppDelegate.swift */; };
		4BA05971205E55F90047894C /* Config.swift in Sources */ = {isa = PBXBuildFile; fileRef = 4B9F7DDB1EEEF932009C13A5 /* Config.swift */; };
		4BA05972205E55F90047894C /* WatchFace.swift in Sources */ = {isa = PBXBuildFile; fileRef = 4B2BB28720112BB500ED482E /* WatchFace.swift */; };
		4BA05973205E55F90047894C /* Project.xcdatamodel in Sources */ = {isa = PBXBuildFile; fileRef = 4B61EA1B1FDC6F5B001FA30F /* Project.xcdatamodel */; };
		4BA05974205E55F90047894C /* HealthOptions.swift in Sources */ = {isa = PBXBuildFile; fileRef = 4BBED732202630EB00B560F4 /* HealthOptions.swift */; };
		4BA05975205E55F90047894C /* SettingController.swift in Sources */ = {isa = PBXBuildFile; fileRef = 4B32BADE1FD30EF700EFC3E4 /* SettingController.swift */; };
		4BA05976205E55F90047894C /* SBManager+watch.swift in Sources */ = {isa = PBXBuildFile; fileRef = 4B2BB26D200B767A00ED482E /* SBManager+watch.swift */; };
		4BA05977205E55F90047894C /* DesignableView.swift in Sources */ = {isa = PBXBuildFile; fileRef = 4B2BB274200FBC2900ED482E /* DesignableView.swift */; };
		4BA05978205E55F90047894C /* Step+Extension.swift in Sources */ = {isa = PBXBuildFile; fileRef = 0A27F68E202946A600BAA063 /* Step+Extension.swift */; };
		4BA05979205E55F90047894C /* WatchView.swift in Sources */ = {isa = PBXBuildFile; fileRef = 4B2BB272200D22A900ED482E /* WatchView.swift */; };
		4BA0597A205E55F90047894C /* TitleView.swift in Sources */ = {isa = PBXBuildFile; fileRef = 4B2BB27C200FC94400ED482E /* TitleView.swift */; };
		4BA0597B205E55F90047894C /* TimeZoneController.swift in Sources */ = {isa = PBXBuildFile; fileRef = 4B48DA372018F9C60067ECA0 /* TimeZoneController.swift */; };
		4BA0597C205E55F90047894C /* BaseViewController.swift in Sources */ = {isa = PBXBuildFile; fileRef = 4B7277981F12A021009AC306 /* BaseViewController.swift */; };
		4BA0597D205E55F90047894C /* Helper.swift in Sources */ = {isa = PBXBuildFile; fileRef = 4B9F7DD91EEEF8FC009C13A5 /* Helper.swift */; };
		4BA0597E205E55F90047894C /* Notification+Extension.swift in Sources */ = {isa = PBXBuildFile; fileRef = 4B61EA121FDC6263001FA30F /* Notification+Extension.swift */; };
		4BA0597F205E55F90047894C /* InfoController.swift in Sources */ = {isa = PBXBuildFile; fileRef = 4BF01A611FCD66A2009B1262 /* InfoController.swift */; };
		4BA05980205E55F90047894C /* HomeController.swift in Sources */ = {isa = PBXBuildFile; fileRef = 4B2BB2822011182300ED482E /* HomeController.swift */; };
		4BA05981205E55F90047894C /* CBUtils.swift in Sources */ = {isa = PBXBuildFile; fileRef = 4B3BD6B82030527500B7A3BD /* CBUtils.swift */; };
		4BA05982205E55F90047894C /* NavigationBar.swift in Sources */ = {isa = PBXBuildFile; fileRef = 4B167EBE20166900009DCD4D /* NavigationBar.swift */; };
		4BA05983205E55F90047894C /* SBService+Extension.swift in Sources */ = {isa = PBXBuildFile; fileRef = 4B6691B8203C20E6001421CB /* SBService+Extension.swift */; };
		4BA05984205E55F90047894C /* ApiHelper+Define.swift in Sources */ = {isa = PBXBuildFile; fileRef = 4BDF650B1F124531003230A1 /* ApiHelper+Define.swift */; };
		4BA05985205E55F90047894C /* SBPeripheral.swift in Sources */ = {isa = PBXBuildFile; fileRef = 4B8E585B1FC4A45E00FE7B75 /* SBPeripheral.swift */; };
		4BA05986205E55F90047894C /* SBManager+enum.swift in Sources */ = {isa = PBXBuildFile; fileRef = 4B5971E01FCF35B300F744F9 /* SBManager+enum.swift */; };
		4BA05987205E55F90047894C /* BalloonMarker.swift in Sources */ = {isa = PBXBuildFile; fileRef = 4B6DB858204AEC5F0029A10E /* BalloonMarker.swift */; };
		4BA0598D205E55F90047894C /* Main.storyboard in Resources */ = {isa = PBXBuildFile; fileRef = 4BA6EE861EE87D8E0098C4DA /* Main.storyboard */; };
		4BA0598E205E55F90047894C /* Api.plist in Resources */ = {isa = PBXBuildFile; fileRef = 4BDF650D1F124559003230A1 /* Api.plist */; };
		4BA0598F205E55F90047894C /* TitleView.xib in Resources */ = {isa = PBXBuildFile; fileRef = 4B2BB27A200FC7C000ED482E /* TitleView.xib */; };
		4BA05990205E55F90047894C /* WatchView.xib in Resources */ = {isa = PBXBuildFile; fileRef = 4B2BB270200D1DC000ED482E /* WatchView.xib */; };
		4BA05992205E55F90047894C /* NOTIFY.m4a in Resources */ = {isa = PBXBuildFile; fileRef = 0A304E44205B9FAB003DEC0A /* NOTIFY.m4a */; };
		4BA05993205E55F90047894C /* NOTIFY_FOXTER.png in Resources */ = {isa = PBXBuildFile; fileRef = 0A304E4A205BA184003DEC0A /* NOTIFY_FOXTER.png */; };
		4BA05994205E55F90047894C /* WatchApi.plist in Resources */ = {isa = PBXBuildFile; fileRef = 0A0B53181FC7CA3F00CC094D /* WatchApi.plist */; };
		4BA05995205E55F90047894C /* HealthOptions.xib in Resources */ = {isa = PBXBuildFile; fileRef = 4BBED73020262C3200B560F4 /* HealthOptions.xib */; };
		4BA05996205E55F90047894C /* WatchFace.xib in Resources */ = {isa = PBXBuildFile; fileRef = 4B2BB28520112B9F00ED482E /* WatchFace.xib */; };
		4BA05998205E55F90047894C /* Assets.xcassets in Resources */ = {isa = PBXBuildFile; fileRef = 4BA6EE161EE87B7B0098C4DA /* Assets.xcassets */; };
		4BA05999205E55F90047894C /* SBServices.plist in Resources */ = {isa = PBXBuildFile; fileRef = 4B6691B6203C118E001421CB /* SBServices.plist */; };
		4BA059A4205E560B0047894C /* RoundView.swift in Sources */ = {isa = PBXBuildFile; fileRef = 4B2BB276200FBCF000ED482E /* RoundView.swift */; };
		4BA059A5205E560B0047894C /* ApiHelper.swift in Sources */ = {isa = PBXBuildFile; fileRef = 4BDF65091F124471003230A1 /* ApiHelper.swift */; };
		4BA059A6205E560B0047894C /* BluetoothController.swift in Sources */ = {isa = PBXBuildFile; fileRef = 0A32C5572047AA9600BD6A5B /* BluetoothController.swift */; };
		4BA059A7205E560B0047894C /* TimeController.swift in Sources */ = {isa = PBXBuildFile; fileRef = 4B1363931FD25D8000AAE628 /* TimeController.swift */; };
		4BA059A8205E560B0047894C /* DeviceOptionsController.swift in Sources */ = {isa = PBXBuildFile; fileRef = 4B167E9D2014A31D009DCD4D /* DeviceOptionsController.swift */; };
		4BA059A9205E560B0047894C /* BaseNavigationController.swift in Sources */ = {isa = PBXBuildFile; fileRef = 4B167EC020166C82009DCD4D /* BaseNavigationController.swift */; };
		4BA059AA205E560B0047894C /* ProfileController.swift in Sources */ = {isa = PBXBuildFile; fileRef = 4B8EAB28201F83EC00B2A9C6 /* ProfileController.swift */; };
		4BA059AB205E560B0047894C /* SBManager.swift in Sources */ = {isa = PBXBuildFile; fileRef = 0A1A85261FC595FF00EEA718 /* SBManager.swift */; };
		4BA059AC205E560B0047894C /* ScanViewController.swift in Sources */ = {isa = PBXBuildFile; fileRef = 0A0B53141FC6C53100CC094D /* ScanViewController.swift */; };
		4BA059AD205E560B0047894C /* RoundButton.swift in Sources */ = {isa = PBXBuildFile; fileRef = 4B2BB29020113EBF00ED482E /* RoundButton.swift */; };
		4BA059AE205E560B0047894C /* HealthController.swift in Sources */ = {isa = PBXBuildFile; fileRef = 4B48DA342017B9450067ECA0 /* HealthController.swift */; };
		4BA059AF205E560B0047894C /* AppDelegate.swift in Sources */ = {isa = PBXBuildFile; fileRef = 4BA6EE0C1EE87B7B0098C4DA /* AppDelegate.swift */; };
		4BA059B0205E560B0047894C /* Config.swift in Sources */ = {isa = PBXBuildFile; fileRef = 4B9F7DDB1EEEF932009C13A5 /* Config.swift */; };
		4BA059B1205E560B0047894C /* WatchFace.swift in Sources */ = {isa = PBXBuildFile; fileRef = 4B2BB28720112BB500ED482E /* WatchFace.swift */; };
		4BA059B2205E560B0047894C /* Project.xcdatamodel in Sources */ = {isa = PBXBuildFile; fileRef = 4B61EA1B1FDC6F5B001FA30F /* Project.xcdatamodel */; };
		4BA059B3205E560B0047894C /* HealthOptions.swift in Sources */ = {isa = PBXBuildFile; fileRef = 4BBED732202630EB00B560F4 /* HealthOptions.swift */; };
		4BA059B4205E560B0047894C /* SettingController.swift in Sources */ = {isa = PBXBuildFile; fileRef = 4B32BADE1FD30EF700EFC3E4 /* SettingController.swift */; };
		4BA059B5205E560B0047894C /* SBManager+watch.swift in Sources */ = {isa = PBXBuildFile; fileRef = 4B2BB26D200B767A00ED482E /* SBManager+watch.swift */; };
		4BA059B6205E560B0047894C /* DesignableView.swift in Sources */ = {isa = PBXBuildFile; fileRef = 4B2BB274200FBC2900ED482E /* DesignableView.swift */; };
		4BA059B7205E560B0047894C /* Step+Extension.swift in Sources */ = {isa = PBXBuildFile; fileRef = 0A27F68E202946A600BAA063 /* Step+Extension.swift */; };
		4BA059B8205E560B0047894C /* WatchView.swift in Sources */ = {isa = PBXBuildFile; fileRef = 4B2BB272200D22A900ED482E /* WatchView.swift */; };
		4BA059B9205E560B0047894C /* TitleView.swift in Sources */ = {isa = PBXBuildFile; fileRef = 4B2BB27C200FC94400ED482E /* TitleView.swift */; };
		4BA059BA205E560B0047894C /* TimeZoneController.swift in Sources */ = {isa = PBXBuildFile; fileRef = 4B48DA372018F9C60067ECA0 /* TimeZoneController.swift */; };
		4BA059BB205E560B0047894C /* BaseViewController.swift in Sources */ = {isa = PBXBuildFile; fileRef = 4B7277981F12A021009AC306 /* BaseViewController.swift */; };
		4BA059BC205E560B0047894C /* Helper.swift in Sources */ = {isa = PBXBuildFile; fileRef = 4B9F7DD91EEEF8FC009C13A5 /* Helper.swift */; };
		4BA059BD205E560B0047894C /* Notification+Extension.swift in Sources */ = {isa = PBXBuildFile; fileRef = 4B61EA121FDC6263001FA30F /* Notification+Extension.swift */; };
		4BA059BE205E560B0047894C /* InfoController.swift in Sources */ = {isa = PBXBuildFile; fileRef = 4BF01A611FCD66A2009B1262 /* InfoController.swift */; };
		4BA059BF205E560B0047894C /* HomeController.swift in Sources */ = {isa = PBXBuildFile; fileRef = 4B2BB2822011182300ED482E /* HomeController.swift */; };
		4BA059C0205E560B0047894C /* CBUtils.swift in Sources */ = {isa = PBXBuildFile; fileRef = 4B3BD6B82030527500B7A3BD /* CBUtils.swift */; };
		4BA059C1205E560B0047894C /* NavigationBar.swift in Sources */ = {isa = PBXBuildFile; fileRef = 4B167EBE20166900009DCD4D /* NavigationBar.swift */; };
		4BA059C2205E560B0047894C /* SBService+Extension.swift in Sources */ = {isa = PBXBuildFile; fileRef = 4B6691B8203C20E6001421CB /* SBService+Extension.swift */; };
		4BA059C3205E560B0047894C /* ApiHelper+Define.swift in Sources */ = {isa = PBXBuildFile; fileRef = 4BDF650B1F124531003230A1 /* ApiHelper+Define.swift */; };
		4BA059C4205E560B0047894C /* SBPeripheral.swift in Sources */ = {isa = PBXBuildFile; fileRef = 4B8E585B1FC4A45E00FE7B75 /* SBPeripheral.swift */; };
		4BA059C5205E560B0047894C /* SBManager+enum.swift in Sources */ = {isa = PBXBuildFile; fileRef = 4B5971E01FCF35B300F744F9 /* SBManager+enum.swift */; };
		4BA059C6205E560B0047894C /* BalloonMarker.swift in Sources */ = {isa = PBXBuildFile; fileRef = 4B6DB858204AEC5F0029A10E /* BalloonMarker.swift */; };
		4BA059CC205E560B0047894C /* Main.storyboard in Resources */ = {isa = PBXBuildFile; fileRef = 4BA6EE861EE87D8E0098C4DA /* Main.storyboard */; };
		4BA059CD205E560B0047894C /* Api.plist in Resources */ = {isa = PBXBuildFile; fileRef = 4BDF650D1F124559003230A1 /* Api.plist */; };
		4BA059CE205E560B0047894C /* TitleView.xib in Resources */ = {isa = PBXBuildFile; fileRef = 4B2BB27A200FC7C000ED482E /* TitleView.xib */; };
		4BA059CF205E560B0047894C /* WatchView.xib in Resources */ = {isa = PBXBuildFile; fileRef = 4B2BB270200D1DC000ED482E /* WatchView.xib */; };
		4BA059D1205E560B0047894C /* NOTIFY.m4a in Resources */ = {isa = PBXBuildFile; fileRef = 0A304E44205B9FAB003DEC0A /* NOTIFY.m4a */; };
		4BA059D3205E560B0047894C /* WatchApi.plist in Resources */ = {isa = PBXBuildFile; fileRef = 0A0B53181FC7CA3F00CC094D /* WatchApi.plist */; };
		4BA059D4205E560B0047894C /* HealthOptions.xib in Resources */ = {isa = PBXBuildFile; fileRef = 4BBED73020262C3200B560F4 /* HealthOptions.xib */; };
		4BA059D5205E560B0047894C /* WatchFace.xib in Resources */ = {isa = PBXBuildFile; fileRef = 4B2BB28520112B9F00ED482E /* WatchFace.xib */; };
		4BA059D6205E560B0047894C /* NOTIFY_SEAGULL.png in Resources */ = {isa = PBXBuildFile; fileRef = 0A304E4C205BA18B003DEC0A /* NOTIFY_SEAGULL.png */; };
		4BA059D7205E560B0047894C /* Assets.xcassets in Resources */ = {isa = PBXBuildFile; fileRef = 4BA6EE161EE87B7B0098C4DA /* Assets.xcassets */; };
		4BA059D8205E560B0047894C /* SBServices.plist in Resources */ = {isa = PBXBuildFile; fileRef = 4B6691B6203C118E001421CB /* SBServices.plist */; };
		4BA059E5205E622A0047894C /* LaunchFoxter.storyboard in Resources */ = {isa = PBXBuildFile; fileRef = 4BA059E4205E622A0047894C /* LaunchFoxter.storyboard */; };
		4BA059E9205E64F80047894C /* LaunchSeagull.storyboard in Resources */ = {isa = PBXBuildFile; fileRef = 4BA059E8205E64F80047894C /* LaunchSeagull.storyboard */; };
		4BA6EE0D1EE87B7B0098C4DA /* AppDelegate.swift in Sources */ = {isa = PBXBuildFile; fileRef = 4BA6EE0C1EE87B7B0098C4DA /* AppDelegate.swift */; };
		4BA6EE171EE87B7B0098C4DA /* Assets.xcassets in Resources */ = {isa = PBXBuildFile; fileRef = 4BA6EE161EE87B7B0098C4DA /* Assets.xcassets */; };
		4BA6EE871EE87D8E0098C4DA /* LaunchTaylor.storyboard in Resources */ = {isa = PBXBuildFile; fileRef = 4BA6EE851EE87D8E0098C4DA /* LaunchTaylor.storyboard */; };
		4BA6EE881EE87D8E0098C4DA /* Main.storyboard in Resources */ = {isa = PBXBuildFile; fileRef = 4BA6EE861EE87D8E0098C4DA /* Main.storyboard */; };
		4BBED73120262C3200B560F4 /* HealthOptions.xib in Resources */ = {isa = PBXBuildFile; fileRef = 4BBED73020262C3200B560F4 /* HealthOptions.xib */; };
		4BBED733202630EB00B560F4 /* HealthOptions.swift in Sources */ = {isa = PBXBuildFile; fileRef = 4BBED732202630EB00B560F4 /* HealthOptions.swift */; };
		4BDF650A1F124471003230A1 /* ApiHelper.swift in Sources */ = {isa = PBXBuildFile; fileRef = 4BDF65091F124471003230A1 /* ApiHelper.swift */; };
		4BDF650C1F124531003230A1 /* ApiHelper+Define.swift in Sources */ = {isa = PBXBuildFile; fileRef = 4BDF650B1F124531003230A1 /* ApiHelper+Define.swift */; };
		4BDF650E1F124559003230A1 /* Api.plist in Resources */ = {isa = PBXBuildFile; fileRef = 4BDF650D1F124559003230A1 /* Api.plist */; };
		4BF01A621FCD66A2009B1262 /* InfoController.swift in Sources */ = {isa = PBXBuildFile; fileRef = 4BF01A611FCD66A2009B1262 /* InfoController.swift */; };
		ACCDCFD1A170A6DF3A1A0592 /* Pods_Watch_FOXTER.framework in Frameworks */ = {isa = PBXBuildFile; fileRef = 2FF13DBE2561A4FA45A51256 /* Pods_Watch_FOXTER.framework */; };
/* End PBXBuildFile section */

/* Begin PBXFileReference section */
		04ACC91F2F4B1854C066D829 /* Pods-Watch-SEAGULL.release.xcconfig */ = {isa = PBXFileReference; includeInIndex = 1; lastKnownFileType = text.xcconfig; name = "Pods-Watch-SEAGULL.release.xcconfig"; path = "Pods/Target Support Files/Pods-Watch-SEAGULL/Pods-Watch-SEAGULL.release.xcconfig"; sourceTree = "<group>"; };
		0A0B53141FC6C53100CC094D /* ScanViewController.swift */ = {isa = PBXFileReference; fileEncoding = 4; lastKnownFileType = sourcecode.swift; path = ScanViewController.swift; sourceTree = "<group>"; };
		0A0B53181FC7CA3F00CC094D /* WatchApi.plist */ = {isa = PBXFileReference; fileEncoding = 4; lastKnownFileType = text.plist.xml; path = WatchApi.plist; sourceTree = "<group>"; };
		0A1A85261FC595FF00EEA718 /* SBManager.swift */ = {isa = PBXFileReference; fileEncoding = 4; lastKnownFileType = sourcecode.swift; path = SBManager.swift; sourceTree = "<group>"; };
		0A1F15712086033800149049 /* CoreTelephony.framework */ = {isa = PBXFileReference; lastKnownFileType = wrapper.framework; name = CoreTelephony.framework; path = System/Library/Frameworks/CoreTelephony.framework; sourceTree = SDKROOT; };
		0A1F15732086034300149049 /* SystemConfiguration.framework */ = {isa = PBXFileReference; lastKnownFileType = wrapper.framework; name = SystemConfiguration.framework; path = System/Library/Frameworks/SystemConfiguration.framework; sourceTree = SDKROOT; };
		0A1F15752086034C00149049 /* AudioToolbox.framework */ = {isa = PBXFileReference; lastKnownFileType = wrapper.framework; name = AudioToolbox.framework; path = System/Library/Frameworks/AudioToolbox.framework; sourceTree = SDKROOT; };
		0A1F15772086035500149049 /* AVFoundation.framework */ = {isa = PBXFileReference; lastKnownFileType = wrapper.framework; name = AVFoundation.framework; path = System/Library/Frameworks/AVFoundation.framework; sourceTree = SDKROOT; };
		0A1F15792086035D00149049 /* OpenGLES.framework */ = {isa = PBXFileReference; lastKnownFileType = wrapper.framework; name = OpenGLES.framework; path = System/Library/Frameworks/OpenGLES.framework; sourceTree = SDKROOT; };
		0A1F157B2086036300149049 /* CoreMotion.framework */ = {isa = PBXFileReference; lastKnownFileType = wrapper.framework; name = CoreMotion.framework; path = System/Library/Frameworks/CoreMotion.framework; sourceTree = SDKROOT; };
		0A27F68E202946A600BAA063 /* Step+Extension.swift */ = {isa = PBXFileReference; lastKnownFileType = sourcecode.swift; path = "Step+Extension.swift"; sourceTree = "<group>"; };
		0A304E44205B9FAB003DEC0A /* NOTIFY.m4a */ = {isa = PBXFileReference; lastKnownFileType = file; path = NOTIFY.m4a; sourceTree = "<group>"; };
		0A304E4A205BA184003DEC0A /* NOTIFY_FOXTER.png */ = {isa = PBXFileReference; lastKnownFileType = image.png; path = NOTIFY_FOXTER.png; sourceTree = "<group>"; };
		0A304E4C205BA18B003DEC0A /* NOTIFY_SEAGULL.png */ = {isa = PBXFileReference; lastKnownFileType = image.png; path = NOTIFY_SEAGULL.png; sourceTree = "<group>"; };
		0A304E50205BB0BB003DEC0A /* NOTIFY_TAYLOR.png */ = {isa = PBXFileReference; lastKnownFileType = image.png; path = NOTIFY_TAYLOR.png; sourceTree = "<group>"; };
		0A32C5572047AA9600BD6A5B /* BluetoothController.swift */ = {isa = PBXFileReference; lastKnownFileType = sourcecode.swift; path = BluetoothController.swift; sourceTree = "<group>"; };
		0E46DD65E142BCC5744063A2 /* Pods-Watch-TAYLOR.debug.xcconfig */ = {isa = PBXFileReference; includeInIndex = 1; lastKnownFileType = text.xcconfig; name = "Pods-Watch-TAYLOR.debug.xcconfig"; path = "Pods/Target Support Files/Pods-Watch-TAYLOR/Pods-Watch-TAYLOR.debug.xcconfig"; sourceTree = "<group>"; };
		1282BDAA315CD31379DC7D33 /* Pods_Watch_TAYLOR.framework */ = {isa = PBXFileReference; explicitFileType = wrapper.framework; includeInIndex = 0; path = Pods_Watch_TAYLOR.framework; sourceTree = BUILT_PRODUCTS_DIR; };
		2FF13DBE2561A4FA45A51256 /* Pods_Watch_FOXTER.framework */ = {isa = PBXFileReference; explicitFileType = wrapper.framework; includeInIndex = 0; path = Pods_Watch_FOXTER.framework; sourceTree = BUILT_PRODUCTS_DIR; };
		450D1568F01D2AEA8221D9C7 /* Pods_Watch_SEAGULL.framework */ = {isa = PBXFileReference; explicitFileType = wrapper.framework; includeInIndex = 0; path = Pods_Watch_SEAGULL.framework; sourceTree = BUILT_PRODUCTS_DIR; };
		4B0E24C12066373B00B66ACD /* TAYLOR-Bridging-Header.h */ = {isa = PBXFileReference; lastKnownFileType = sourcecode.c.h; path = "TAYLOR-Bridging-Header.h"; sourceTree = "<group>"; };
		4B0E24CC2067CD6200B66ACD /* ResizedTabBar.swift */ = {isa = PBXFileReference; lastKnownFileType = sourcecode.swift; path = ResizedTabBar.swift; sourceTree = "<group>"; };
		4B0E24D72067E70F00B66ACD /* en */ = {isa = PBXFileReference; lastKnownFileType = text.plist.strings; name = en; path = en.lproj/Localizable.strings; sourceTree = "<group>"; };
		4B0E24D92067E71B00B66ACD /* fr */ = {isa = PBXFileReference; lastKnownFileType = text.plist.strings; name = fr; path = fr.lproj/Localizable.strings; sourceTree = "<group>"; };
		4B0E24DA2067E72400B66ACD /* zh-Hans */ = {isa = PBXFileReference; lastKnownFileType = text.plist.strings; name = "zh-Hans"; path = "zh-Hans.lproj/Localizable.strings"; sourceTree = "<group>"; };
		4B0E24DB2067E72B00B66ACD /* zh-Hant */ = {isa = PBXFileReference; lastKnownFileType = text.plist.strings; name = "zh-Hant"; path = "zh-Hant.lproj/Localizable.strings"; sourceTree = "<group>"; };
		4B0E24DC2067E89C00B66ACD /* ja */ = {isa = PBXFileReference; lastKnownFileType = text.plist.strings; name = ja; path = ja.lproj/Localizable.strings; sourceTree = "<group>"; };
		4B1363931FD25D8000AAE628 /* TimeController.swift */ = {isa = PBXFileReference; lastKnownFileType = sourcecode.swift; path = TimeController.swift; sourceTree = "<group>"; };
		4B167E9D2014A31D009DCD4D /* DeviceOptionsController.swift */ = {isa = PBXFileReference; lastKnownFileType = sourcecode.swift; path = DeviceOptionsController.swift; sourceTree = "<group>"; };
		4B167EBE20166900009DCD4D /* NavigationBar.swift */ = {isa = PBXFileReference; lastKnownFileType = sourcecode.swift; path = NavigationBar.swift; sourceTree = "<group>"; };
		4B167EC020166C82009DCD4D /* BaseNavigationController.swift */ = {isa = PBXFileReference; lastKnownFileType = sourcecode.swift; path = BaseNavigationController.swift; sourceTree = "<group>"; };
		4B2BB26D200B767A00ED482E /* SBManager+watch.swift */ = {isa = PBXFileReference; fileEncoding = 4; lastKnownFileType = sourcecode.swift; path = "SBManager+watch.swift"; sourceTree = "<group>"; };
		4B2BB270200D1DC000ED482E /* WatchView.xib */ = {isa = PBXFileReference; lastKnownFileType = file.xib; path = WatchView.xib; sourceTree = "<group>"; };
		4B2BB272200D22A900ED482E /* WatchView.swift */ = {isa = PBXFileReference; lastKnownFileType = sourcecode.swift; path = WatchView.swift; sourceTree = "<group>"; };
		4B2BB274200FBC2900ED482E /* DesignableView.swift */ = {isa = PBXFileReference; lastKnownFileType = sourcecode.swift; path = DesignableView.swift; sourceTree = "<group>"; };
		4B2BB276200FBCF000ED482E /* RoundView.swift */ = {isa = PBXFileReference; lastKnownFileType = sourcecode.swift; path = RoundView.swift; sourceTree = "<group>"; };
		4B2BB27A200FC7C000ED482E /* TitleView.xib */ = {isa = PBXFileReference; lastKnownFileType = file.xib; path = TitleView.xib; sourceTree = "<group>"; };
		4B2BB27C200FC94400ED482E /* TitleView.swift */ = {isa = PBXFileReference; lastKnownFileType = sourcecode.swift; path = TitleView.swift; sourceTree = "<group>"; };
		4B2BB2822011182300ED482E /* HomeController.swift */ = {isa = PBXFileReference; lastKnownFileType = sourcecode.swift; path = HomeController.swift; sourceTree = "<group>"; };
		4B2BB28520112B9F00ED482E /* WatchFace.xib */ = {isa = PBXFileReference; lastKnownFileType = file.xib; path = WatchFace.xib; sourceTree = "<group>"; };
		4B2BB28720112BB500ED482E /* WatchFace.swift */ = {isa = PBXFileReference; lastKnownFileType = sourcecode.swift; path = WatchFace.swift; sourceTree = "<group>"; };
		4B2BB29020113EBF00ED482E /* RoundButton.swift */ = {isa = PBXFileReference; lastKnownFileType = sourcecode.swift; path = RoundButton.swift; sourceTree = "<group>"; };
		4B32BADE1FD30EF700EFC3E4 /* SettingController.swift */ = {isa = PBXFileReference; lastKnownFileType = sourcecode.swift; path = SettingController.swift; sourceTree = "<group>"; };
		4B3BD6B82030527500B7A3BD /* CBUtils.swift */ = {isa = PBXFileReference; lastKnownFileType = sourcecode.swift; path = CBUtils.swift; sourceTree = "<group>"; };
		4B48DA342017B9450067ECA0 /* HealthController.swift */ = {isa = PBXFileReference; fileEncoding = 4; lastKnownFileType = sourcecode.swift; path = HealthController.swift; sourceTree = "<group>"; };
		4B48DA372018F9C60067ECA0 /* TimeZoneController.swift */ = {isa = PBXFileReference; lastKnownFileType = sourcecode.swift; path = TimeZoneController.swift; sourceTree = "<group>"; };
		4B5971E01FCF35B300F744F9 /* SBManager+enum.swift */ = {isa = PBXFileReference; lastKnownFileType = sourcecode.swift; path = "SBManager+enum.swift"; sourceTree = "<group>"; };
		4B61EA121FDC6263001FA30F /* Notification+Extension.swift */ = {isa = PBXFileReference; lastKnownFileType = sourcecode.swift; path = "Notification+Extension.swift"; sourceTree = "<group>"; };
		4B61EA1B1FDC6F5B001FA30F /* Project.xcdatamodel */ = {isa = PBXFileReference; lastKnownFileType = wrapper.xcdatamodel; path = Project.xcdatamodel; sourceTree = "<group>"; };
		4B6691B6203C118E001421CB /* SBServices.plist */ = {isa = PBXFileReference; lastKnownFileType = text.plist.xml; path = SBServices.plist; sourceTree = "<group>"; };
		4B6691B8203C20E6001421CB /* SBService+Extension.swift */ = {isa = PBXFileReference; lastKnownFileType = sourcecode.swift; path = "SBService+Extension.swift"; sourceTree = "<group>"; };
		4B6DB858204AEC5F0029A10E /* BalloonMarker.swift */ = {isa = PBXFileReference; lastKnownFileType = sourcecode.swift; path = BalloonMarker.swift; sourceTree = "<group>"; };
		4B7277981F12A021009AC306 /* BaseViewController.swift */ = {isa = PBXFileReference; fileEncoding = 4; lastKnownFileType = sourcecode.swift; path = BaseViewController.swift; sourceTree = "<group>"; };
		4B8E585B1FC4A45E00FE7B75 /* SBPeripheral.swift */ = {isa = PBXFileReference; lastKnownFileType = sourcecode.swift; path = SBPeripheral.swift; sourceTree = "<group>"; };
		4B8EAB28201F83EC00B2A9C6 /* ProfileController.swift */ = {isa = PBXFileReference; lastKnownFileType = sourcecode.swift; path = ProfileController.swift; sourceTree = "<group>"; };
		4B9F7DD91EEEF8FC009C13A5 /* Helper.swift */ = {isa = PBXFileReference; fileEncoding = 4; lastKnownFileType = sourcecode.swift; path = Helper.swift; sourceTree = "<group>"; };
		4B9F7DDB1EEEF932009C13A5 /* Config.swift */ = {isa = PBXFileReference; fileEncoding = 4; lastKnownFileType = sourcecode.swift; path = Config.swift; sourceTree = "<group>"; };
		4BA0599F205E55F90047894C /* FOXTER.app */ = {isa = PBXFileReference; explicitFileType = wrapper.application; includeInIndex = 0; path = FOXTER.app; sourceTree = BUILT_PRODUCTS_DIR; };
		4BA059A0205E55FA0047894C /* Info_foxter.plist */ = {isa = PBXFileReference; lastKnownFileType = text.plist.xml; path = Info_foxter.plist; sourceTree = "<group>"; };
		4BA059DE205E560B0047894C /* SEAGULL.app */ = {isa = PBXFileReference; explicitFileType = wrapper.application; includeInIndex = 0; path = SEAGULL.app; sourceTree = BUILT_PRODUCTS_DIR; };
		4BA059DF205E560B0047894C /* Info_seagull.plist */ = {isa = PBXFileReference; lastKnownFileType = text.plist.xml; path = Info_seagull.plist; sourceTree = "<group>"; };
		4BA059E4205E622A0047894C /* LaunchFoxter.storyboard */ = {isa = PBXFileReference; lastKnownFileType = file.storyboard; path = LaunchFoxter.storyboard; sourceTree = "<group>"; };
		4BA059E8205E64F80047894C /* LaunchSeagull.storyboard */ = {isa = PBXFileReference; lastKnownFileType = file.storyboard; path = LaunchSeagull.storyboard; sourceTree = "<group>"; };
		4BA6EE091EE87B7B0098C4DA /* TAYLOR.app */ = {isa = PBXFileReference; explicitFileType = wrapper.application; includeInIndex = 0; path = TAYLOR.app; sourceTree = BUILT_PRODUCTS_DIR; };
		4BA6EE0C1EE87B7B0098C4DA /* AppDelegate.swift */ = {isa = PBXFileReference; lastKnownFileType = sourcecode.swift; path = AppDelegate.swift; sourceTree = "<group>"; };
		4BA6EE161EE87B7B0098C4DA /* Assets.xcassets */ = {isa = PBXFileReference; lastKnownFileType = folder.assetcatalog; path = Assets.xcassets; sourceTree = "<group>"; };
		4BA6EE1B1EE87B7B0098C4DA /* Info_taylor.plist */ = {isa = PBXFileReference; lastKnownFileType = text.plist.xml; path = Info_taylor.plist; sourceTree = "<group>"; };
		4BA6EE851EE87D8E0098C4DA /* LaunchTaylor.storyboard */ = {isa = PBXFileReference; fileEncoding = 4; lastKnownFileType = file.storyboard; path = LaunchTaylor.storyboard; sourceTree = "<group>"; };
		4BA6EE861EE87D8E0098C4DA /* Main.storyboard */ = {isa = PBXFileReference; fileEncoding = 4; lastKnownFileType = file.storyboard; path = Main.storyboard; sourceTree = "<group>"; };
		4BBED73020262C3200B560F4 /* HealthOptions.xib */ = {isa = PBXFileReference; lastKnownFileType = file.xib; path = HealthOptions.xib; sourceTree = "<group>"; };
		4BBED732202630EB00B560F4 /* HealthOptions.swift */ = {isa = PBXFileReference; lastKnownFileType = sourcecode.swift; path = HealthOptions.swift; sourceTree = "<group>"; };
		4BDF65091F124471003230A1 /* ApiHelper.swift */ = {isa = PBXFileReference; fileEncoding = 4; lastKnownFileType = sourcecode.swift; path = ApiHelper.swift; sourceTree = "<group>"; };
		4BDF650B1F124531003230A1 /* ApiHelper+Define.swift */ = {isa = PBXFileReference; fileEncoding = 4; lastKnownFileType = sourcecode.swift; path = "ApiHelper+Define.swift"; sourceTree = "<group>"; };
		4BDF650D1F124559003230A1 /* Api.plist */ = {isa = PBXFileReference; fileEncoding = 4; lastKnownFileType = text.plist.xml; path = Api.plist; sourceTree = "<group>"; };
		4BF01A611FCD66A2009B1262 /* InfoController.swift */ = {isa = PBXFileReference; lastKnownFileType = sourcecode.swift; path = InfoController.swift; sourceTree = "<group>"; };
		54F53706EDF6FD04E92BA5EC /* Pods-Watch-SEAGULL.debug.xcconfig */ = {isa = PBXFileReference; includeInIndex = 1; lastKnownFileType = text.xcconfig; name = "Pods-Watch-SEAGULL.debug.xcconfig"; path = "Pods/Target Support Files/Pods-Watch-SEAGULL/Pods-Watch-SEAGULL.debug.xcconfig"; sourceTree = "<group>"; };
		61FD412B0F7A703DD62F48A2 /* Pods-Watch-TAYLOR.release.xcconfig */ = {isa = PBXFileReference; includeInIndex = 1; lastKnownFileType = text.xcconfig; name = "Pods-Watch-TAYLOR.release.xcconfig"; path = "Pods/Target Support Files/Pods-Watch-TAYLOR/Pods-Watch-TAYLOR.release.xcconfig"; sourceTree = "<group>"; };
		7C35C5C1FD5EF6362689C060 /* Pods-Watch-FOXTER.release.xcconfig */ = {isa = PBXFileReference; includeInIndex = 1; lastKnownFileType = text.xcconfig; name = "Pods-Watch-FOXTER.release.xcconfig"; path = "Pods/Target Support Files/Pods-Watch-FOXTER/Pods-Watch-FOXTER.release.xcconfig"; sourceTree = "<group>"; };
		943BEF5C5AA563FBDD5CEBB0 /* Pods-Watch-FOXTER.debug.xcconfig */ = {isa = PBXFileReference; includeInIndex = 1; lastKnownFileType = text.xcconfig; name = "Pods-Watch-FOXTER.debug.xcconfig"; path = "Pods/Target Support Files/Pods-Watch-FOXTER/Pods-Watch-FOXTER.debug.xcconfig"; sourceTree = "<group>"; };
/* End PBXFileReference section */

/* Begin PBXFrameworksBuildPhase section */
		4BA05988205E55F90047894C /* Frameworks */ = {
			isa = PBXFrameworksBuildPhase;
			buildActionMask = 2147483647;
			files = (
				ACCDCFD1A170A6DF3A1A0592 /* Pods_Watch_FOXTER.framework in Frameworks */,
			);
			runOnlyForDeploymentPostprocessing = 0;
		};
		4BA059C7205E560B0047894C /* Frameworks */ = {
			isa = PBXFrameworksBuildPhase;
			buildActionMask = 2147483647;
			files = (
				491C5C543FF31F54BF07A26D /* Pods_Watch_SEAGULL.framework in Frameworks */,
			);
			runOnlyForDeploymentPostprocessing = 0;
		};
		4BA6EE061EE87B7B0098C4DA /* Frameworks */ = {
			isa = PBXFrameworksBuildPhase;
			buildActionMask = 2147483647;
			files = (
				0A1F157C2086036300149049 /* CoreMotion.framework in Frameworks */,
				0A1F157A2086035D00149049 /* OpenGLES.framework in Frameworks */,
				0A1F15782086035500149049 /* AVFoundation.framework in Frameworks */,
				0A1F15762086034D00149049 /* AudioToolbox.framework in Frameworks */,
				0A1F15742086034300149049 /* SystemConfiguration.framework in Frameworks */,
				0A1F15722086033800149049 /* CoreTelephony.framework in Frameworks */,
				472269740082FD357C2F3E36 /* Pods_Watch_TAYLOR.framework in Frameworks */,
			);
			runOnlyForDeploymentPostprocessing = 0;
		};
/* End PBXFrameworksBuildPhase section */

/* Begin PBXGroup section */
		0A1A85251FC595FF00EEA718 /* CBHelper */ = {
			isa = PBXGroup;
			children = (
				0A1A85261FC595FF00EEA718 /* SBManager.swift */,
				4B5971E01FCF35B300F744F9 /* SBManager+enum.swift */,
				4B2BB26D200B767A00ED482E /* SBManager+watch.swift */,
				4B8E585B1FC4A45E00FE7B75 /* SBPeripheral.swift */,
				4B3BD6B82030527500B7A3BD /* CBUtils.swift */,
			);
			path = CBHelper;
			sourceTree = "<group>";
		};
		4B2BB27E200FD35500ED482E /* WatchView */ = {
			isa = PBXGroup;
			children = (
				4B2BB272200D22A900ED482E /* WatchView.swift */,
				4B2BB270200D1DC000ED482E /* WatchView.xib */,
			);
			path = WatchView;
			sourceTree = "<group>";
		};
		4B2BB27F200FD36500ED482E /* TitleView */ = {
			isa = PBXGroup;
			children = (
				4B2BB27C200FC94400ED482E /* TitleView.swift */,
				4B2BB27A200FC7C000ED482E /* TitleView.xib */,
			);
			path = TitleView;
			sourceTree = "<group>";
		};
		4B2BB28420112B8700ED482E /* WatchFace */ = {
			isa = PBXGroup;
			children = (
				4B2BB28720112BB500ED482E /* WatchFace.swift */,
				4B2BB28520112B9F00ED482E /* WatchFace.xib */,
			);
			path = WatchFace;
			sourceTree = "<group>";
		};
		4BA6EE001EE87B7B0098C4DA = {
			isa = PBXGroup;
			children = (
				4BA6EE0B1EE87B7B0098C4DA /* Project */,
				4BA6EE0A1EE87B7B0098C4DA /* Products */,
				6431665D916F6E2DCEE79C1B /* Pods */,
				920237108FBAB5FC7ADD6D79 /* Frameworks */,
			);
			sourceTree = "<group>";
		};
		4BA6EE0A1EE87B7B0098C4DA /* Products */ = {
			isa = PBXGroup;
			children = (
				4BA6EE091EE87B7B0098C4DA /* TAYLOR.app */,
				4BA0599F205E55F90047894C /* FOXTER.app */,
				4BA059DE205E560B0047894C /* SEAGULL.app */,
			);
			name = Products;
			sourceTree = "<group>";
		};
		4BA6EE0B1EE87B7B0098C4DA /* Project */ = {
			isa = PBXGroup;
			children = (
				4BA6EE0C1EE87B7B0098C4DA /* AppDelegate.swift */,
				4BA6EE1B1EE87B7B0098C4DA /* Info_taylor.plist */,
				4BA059A0205E55FA0047894C /* Info_foxter.plist */,
				4BA059DF205E560B0047894C /* Info_seagull.plist */,
				4BA6EE161EE87B7B0098C4DA /* Assets.xcassets */,
				0A304E50205BB0BB003DEC0A /* NOTIFY_TAYLOR.png */,
				0A304E4A205BA184003DEC0A /* NOTIFY_FOXTER.png */,
				0A304E4C205BA18B003DEC0A /* NOTIFY_SEAGULL.png */,
				0A304E44205B9FAB003DEC0A /* NOTIFY.m4a */,
				4B0E24C12066373B00B66ACD /* TAYLOR-Bridging-Header.h */,
				4B0E24D82067E70F00B66ACD /* Localizable.strings */,
				4BA6EE7F1EE87D660098C4DA /* Helper */,
				4BA6EE801EE87D730098C4DA /* Model */,
				4BA6EE841EE87D8E0098C4DA /* View */,
				4BA6EE7C1EE87D510098C4DA /* Controller */,
			);
			path = Project;
			sourceTree = "<group>";
		};
		4BA6EE7C1EE87D510098C4DA /* Controller */ = {
			isa = PBXGroup;
			children = (
				4B7277981F12A021009AC306 /* BaseViewController.swift */,
				4B167EC020166C82009DCD4D /* BaseNavigationController.swift */,
				0A32C5572047AA9600BD6A5B /* BluetoothController.swift */,
				4B8EAB28201F83EC00B2A9C6 /* ProfileController.swift */,
				0A0B53141FC6C53100CC094D /* ScanViewController.swift */,
				4BF01A601FCD6686009B1262 /* TabController */,
			);
			path = Controller;
			sourceTree = "<group>";
		};
		4BA6EE7F1EE87D660098C4DA /* Helper */ = {
			isa = PBXGroup;
			children = (
				4BDF65041F12437D003230A1 /* ApiHelper */,
				0A1A85251FC595FF00EEA718 /* CBHelper */,
				4B9F7DDB1EEEF932009C13A5 /* Config.swift */,
				4B9F7DD91EEEF8FC009C13A5 /* Helper.swift */,
			);
			path = Helper;
			sourceTree = "<group>";
		};
		4BA6EE801EE87D730098C4DA /* Model */ = {
			isa = PBXGroup;
			children = (
				4B61EA1B1FDC6F5B001FA30F /* Project.xcdatamodel */,
				4B6691B6203C118E001421CB /* SBServices.plist */,
				4B61EA121FDC6263001FA30F /* Notification+Extension.swift */,
				4B6691B8203C20E6001421CB /* SBService+Extension.swift */,
				0A27F68E202946A600BAA063 /* Step+Extension.swift */,
			);
			path = Model;
			sourceTree = "<group>";
		};
		4BA6EE841EE87D8E0098C4DA /* View */ = {
			isa = PBXGroup;
			children = (
				4BBED72F20262C0A00B560F4 /* HealthOptions */,
				4B2BB27F200FD36500ED482E /* TitleView */,
				4B2BB28420112B8700ED482E /* WatchFace */,
				4B2BB27E200FD35500ED482E /* WatchView */,
				4B6DB858204AEC5F0029A10E /* BalloonMarker.swift */,
				4B2BB274200FBC2900ED482E /* DesignableView.swift */,
				4B0E24CC2067CD6200B66ACD /* ResizedTabBar.swift */,
				4B2BB29020113EBF00ED482E /* RoundButton.swift */,
				4B2BB276200FBCF000ED482E /* RoundView.swift */,
				4B167EBE20166900009DCD4D /* NavigationBar.swift */,
				4BA6EE851EE87D8E0098C4DA /* LaunchTaylor.storyboard */,
				4BA059E4205E622A0047894C /* LaunchFoxter.storyboard */,
				4BA059E8205E64F80047894C /* LaunchSeagull.storyboard */,
				4BA6EE861EE87D8E0098C4DA /* Main.storyboard */,
			);
			path = View;
			sourceTree = "<group>";
		};
		4BBED72F20262C0A00B560F4 /* HealthOptions */ = {
			isa = PBXGroup;
			children = (
				4BBED732202630EB00B560F4 /* HealthOptions.swift */,
				4BBED73020262C3200B560F4 /* HealthOptions.xib */,
			);
			path = HealthOptions;
			sourceTree = "<group>";
		};
		4BDF65041F12437D003230A1 /* ApiHelper */ = {
			isa = PBXGroup;
			children = (
				4BDF65091F124471003230A1 /* ApiHelper.swift */,
				4BDF650B1F124531003230A1 /* ApiHelper+Define.swift */,
				4BDF650D1F124559003230A1 /* Api.plist */,
				0A0B53181FC7CA3F00CC094D /* WatchApi.plist */,
			);
			path = ApiHelper;
			sourceTree = "<group>";
		};
		4BF01A601FCD6686009B1262 /* TabController */ = {
			isa = PBXGroup;
			children = (
				4B167E9D2014A31D009DCD4D /* DeviceOptionsController.swift */,
				4B48DA342017B9450067ECA0 /* HealthController.swift */,
				4B2BB2822011182300ED482E /* HomeController.swift */,
				4BF01A611FCD66A2009B1262 /* InfoController.swift */,
				4B32BADE1FD30EF700EFC3E4 /* SettingController.swift */,
				4B1363931FD25D8000AAE628 /* TimeController.swift */,
				4B48DA372018F9C60067ECA0 /* TimeZoneController.swift */,
			);
			path = TabController;
			sourceTree = "<group>";
		};
		6431665D916F6E2DCEE79C1B /* Pods */ = {
			isa = PBXGroup;
			children = (
				943BEF5C5AA563FBDD5CEBB0 /* Pods-Watch-FOXTER.debug.xcconfig */,
				7C35C5C1FD5EF6362689C060 /* Pods-Watch-FOXTER.release.xcconfig */,
				54F53706EDF6FD04E92BA5EC /* Pods-Watch-SEAGULL.debug.xcconfig */,
				04ACC91F2F4B1854C066D829 /* Pods-Watch-SEAGULL.release.xcconfig */,
				0E46DD65E142BCC5744063A2 /* Pods-Watch-TAYLOR.debug.xcconfig */,
				61FD412B0F7A703DD62F48A2 /* Pods-Watch-TAYLOR.release.xcconfig */,
			);
			name = Pods;
			sourceTree = "<group>";
		};
		920237108FBAB5FC7ADD6D79 /* Frameworks */ = {
			isa = PBXGroup;
			children = (
				0A1F157B2086036300149049 /* CoreMotion.framework */,
				0A1F15792086035D00149049 /* OpenGLES.framework */,
				0A1F15772086035500149049 /* AVFoundation.framework */,
				0A1F15752086034C00149049 /* AudioToolbox.framework */,
				0A1F15732086034300149049 /* SystemConfiguration.framework */,
				0A1F15712086033800149049 /* CoreTelephony.framework */,
				2FF13DBE2561A4FA45A51256 /* Pods_Watch_FOXTER.framework */,
				450D1568F01D2AEA8221D9C7 /* Pods_Watch_SEAGULL.framework */,
				1282BDAA315CD31379DC7D33 /* Pods_Watch_TAYLOR.framework */,
			);
			name = Frameworks;
			sourceTree = "<group>";
		};
/* End PBXGroup section */

/* Begin PBXNativeTarget section */
		4BA05962205E55F90047894C /* FOXTER */ = {
			isa = PBXNativeTarget;
			buildConfigurationList = 4BA0599C205E55F90047894C /* Build configuration list for PBXNativeTarget "FOXTER" */;
			buildPhases = (
				4BA05963205E55F90047894C /* [CP] Check Pods Manifest.lock */,
				4BA05964205E55F90047894C /* Sources */,
				4BA05988205E55F90047894C /* Frameworks */,
				4BA0598A205E55F90047894C /* ShellScript */,
				4BA0598B205E55F90047894C /* Resources */,
				4BA0599A205E55F90047894C /* [CP] Embed Pods Frameworks */,
				4BA0599B205E55F90047894C /* [CP] Copy Pods Resources */,
			);
			buildRules = (
			);
			dependencies = (
			);
			name = FOXTER;
			productName = Project;
			productReference = 4BA0599F205E55F90047894C /* FOXTER.app */;
			productType = "com.apple.product-type.application";
		};
		4BA059A1205E560B0047894C /* SEAGULL */ = {
			isa = PBXNativeTarget;
			buildConfigurationList = 4BA059DB205E560B0047894C /* Build configuration list for PBXNativeTarget "SEAGULL" */;
			buildPhases = (
				4BA059A2205E560B0047894C /* [CP] Check Pods Manifest.lock */,
				4BA059A3205E560B0047894C /* Sources */,
				4BA059C7205E560B0047894C /* Frameworks */,
				4BA059C9205E560B0047894C /* ShellScript */,
				4BA059CA205E560B0047894C /* Resources */,
				4BA059D9205E560B0047894C /* [CP] Embed Pods Frameworks */,
				4BA059DA205E560B0047894C /* [CP] Copy Pods Resources */,
			);
			buildRules = (
			);
			dependencies = (
			);
			name = SEAGULL;
			productName = Project;
			productReference = 4BA059DE205E560B0047894C /* SEAGULL.app */;
			productType = "com.apple.product-type.application";
		};
		4BA6EE081EE87B7B0098C4DA /* TAYLOR */ = {
			isa = PBXNativeTarget;
			buildConfigurationList = 4BA6EE341EE87B7B0098C4DA /* Build configuration list for PBXNativeTarget "TAYLOR" */;
			buildPhases = (
				6D7AA5B64D450DCC6351DA1C /* [CP] Check Pods Manifest.lock */,
				4BA6EE051EE87B7B0098C4DA /* Sources */,
				4BA6EE061EE87B7B0098C4DA /* Frameworks */,
				4B2BB26F200B7A4D00ED482E /* ShellScript */,
				4BA6EE071EE87B7B0098C4DA /* Resources */,
				4FD2103C3723A7F7250F7C80 /* [CP] Embed Pods Frameworks */,
				A952F651E2CFA6C71A4379E1 /* [CP] Copy Pods Resources */,
			);
			buildRules = (
			);
			dependencies = (
			);
			name = TAYLOR;
			productName = Project;
			productReference = 4BA6EE091EE87B7B0098C4DA /* TAYLOR.app */;
			productType = "com.apple.product-type.application";
		};
/* End PBXNativeTarget section */

/* Begin PBXProject section */
		4BA6EE011EE87B7B0098C4DA /* Project object */ = {
			isa = PBXProject;
			attributes = {
				LastSwiftUpdateCheck = 0830;
				LastUpgradeCheck = 0830;
				ORGANIZATIONNAME = KevinSum;
				TargetAttributes = {
					4BA05962205E55F90047894C = {
						DevelopmentTeam = Q5WH5HB3TQ;
					};
					4BA059A1205E560B0047894C = {
						DevelopmentTeam = Q5WH5HB3TQ;
					};
					4BA6EE081EE87B7B0098C4DA = {
						CreatedOnToolsVersion = 8.3.2;
						DevelopmentTeam = Q5WH5HB3TQ;
						LastSwiftMigration = 0920;
						ProvisioningStyle = Automatic;
					};
				};
			};
			buildConfigurationList = 4BA6EE041EE87B7B0098C4DA /* Build configuration list for PBXProject "Taylor" */;
			compatibilityVersion = "Xcode 3.2";
			developmentRegion = English;
			hasScannedForEncodings = 0;
			knownRegions = (
				en,
				Base,
				fr,
				"zh-Hans",
				"zh-Hant",
				ja,
			);
			mainGroup = 4BA6EE001EE87B7B0098C4DA;
			productRefGroup = 4BA6EE0A1EE87B7B0098C4DA /* Products */;
			projectDirPath = "";
			projectRoot = "";
			targets = (
				4BA6EE081EE87B7B0098C4DA /* TAYLOR */,
				4BA05962205E55F90047894C /* FOXTER */,
				4BA059A1205E560B0047894C /* SEAGULL */,
			);
		};
/* End PBXProject section */

/* Begin PBXResourcesBuildPhase section */
		4BA0598B205E55F90047894C /* Resources */ = {
			isa = PBXResourcesBuildPhase;
			buildActionMask = 2147483647;
			files = (
				4BA0598D205E55F90047894C /* Main.storyboard in Resources */,
				4BA0598E205E55F90047894C /* Api.plist in Resources */,
				4BA0598F205E55F90047894C /* TitleView.xib in Resources */,
				4BA05990205E55F90047894C /* WatchView.xib in Resources */,
				4BA05992205E55F90047894C /* NOTIFY.m4a in Resources */,
				4BA05993205E55F90047894C /* NOTIFY_FOXTER.png in Resources */,
				4BA05994205E55F90047894C /* WatchApi.plist in Resources */,
				4BA05995205E55F90047894C /* HealthOptions.xib in Resources */,
				4BA05996205E55F90047894C /* WatchFace.xib in Resources */,
				4B0E24D52067E70F00B66ACD /* Localizable.strings in Resources */,
				4BA059E5205E622A0047894C /* LaunchFoxter.storyboard in Resources */,
				4BA05998205E55F90047894C /* Assets.xcassets in Resources */,
				4BA05999205E55F90047894C /* SBServices.plist in Resources */,
			);
			runOnlyForDeploymentPostprocessing = 0;
		};
		4BA059CA205E560B0047894C /* Resources */ = {
			isa = PBXResourcesBuildPhase;
			buildActionMask = 2147483647;
			files = (
				4BA059CC205E560B0047894C /* Main.storyboard in Resources */,
				4BA059CD205E560B0047894C /* Api.plist in Resources */,
				4BA059CE205E560B0047894C /* TitleView.xib in Resources */,
				4BA059CF205E560B0047894C /* WatchView.xib in Resources */,
				4BA059D1205E560B0047894C /* NOTIFY.m4a in Resources */,
				4BA059D3205E560B0047894C /* WatchApi.plist in Resources */,
				4BA059D4205E560B0047894C /* HealthOptions.xib in Resources */,
				4BA059D5205E560B0047894C /* WatchFace.xib in Resources */,
				4BA059D6205E560B0047894C /* NOTIFY_SEAGULL.png in Resources */,
				4B0E24D62067E70F00B66ACD /* Localizable.strings in Resources */,
				4BA059E9205E64F80047894C /* LaunchSeagull.storyboard in Resources */,
				4BA059D7205E560B0047894C /* Assets.xcassets in Resources */,
				4BA059D8205E560B0047894C /* SBServices.plist in Resources */,
			);
			runOnlyForDeploymentPostprocessing = 0;
		};
		4BA6EE071EE87B7B0098C4DA /* Resources */ = {
			isa = PBXResourcesBuildPhase;
			buildActionMask = 2147483647;
			files = (
				0A304E51205BB0BB003DEC0A /* NOTIFY_TAYLOR.png in Resources */,
				4BA6EE881EE87D8E0098C4DA /* Main.storyboard in Resources */,
				4BDF650E1F124559003230A1 /* Api.plist in Resources */,
				4B2BB27B200FC7C000ED482E /* TitleView.xib in Resources */,
				4B2BB271200D1DC000ED482E /* WatchView.xib in Resources */,
				4BA6EE871EE87D8E0098C4DA /* LaunchTaylor.storyboard in Resources */,
				0A304E45205B9FAB003DEC0A /* NOTIFY.m4a in Resources */,
				0A0B53191FC7CA3F00CC094D /* WatchApi.plist in Resources */,
				4BBED73120262C3200B560F4 /* HealthOptions.xib in Resources */,
				4B0E24D42067E70F00B66ACD /* Localizable.strings in Resources */,
				4B2BB28620112B9F00ED482E /* WatchFace.xib in Resources */,
				4BA6EE171EE87B7B0098C4DA /* Assets.xcassets in Resources */,
				4B6691B7203C118E001421CB /* SBServices.plist in Resources */,
			);
			runOnlyForDeploymentPostprocessing = 0;
		};
/* End PBXResourcesBuildPhase section */

/* Begin PBXShellScriptBuildPhase section */
		4B2BB26F200B7A4D00ED482E /* ShellScript */ = {
			isa = PBXShellScriptBuildPhase;
			buildActionMask = 2147483647;
			files = (
			);
			inputPaths = (
			);
			outputPaths = (
			);
			runOnlyForDeploymentPostprocessing = 0;
			shellPath = /bin/sh;
			shellScript = "#   ON/OFF Script Toggle (script ON with #, script OFF without #)\n#exit 0\n\n#   Increment Build Number Bool (Increment ON with true, increment OFF with false)\nshouldIncrement=false\n\n#   App vesion / Build version constants\nversionNumber=$(/usr/libexec/PlistBuddy -c \"Print CFBundleShortVersionString\" \"$INFOPLIST_FILE\")\nbuildNumber=$(/usr/libexec/PlistBuddy -c \"Print CFBundleVersion\" \"$INFOPLIST_FILE\")\n\n#   Increment build number\nif [ \"$shouldIncrement\" = true ]; then\nbuildNumber=$(($buildNumber + 1))\n/usr/libexec/PlistBuddy -c \"Set :CFBundleVersion $buildNumber\" \"$INFOPLIST_FILE\"\nfi\n\n#   Output version & build numbers into a label on LaunchScreen.storyboard\nsed -i \"\" -e \"/userLabel=\\\"APP_VERSION\\\"/s/text=\\\"[^\\\"]*\\\"/text=\\\"version: $versionNumber\\\"/\" \"$PROJECT_DIR/Project/View/LaunchTaylor.storyboard\"";
		};
		4BA05963205E55F90047894C /* [CP] Check Pods Manifest.lock */ = {
			isa = PBXShellScriptBuildPhase;
			buildActionMask = 2147483647;
			files = (
			);
			inputPaths = (
				"${PODS_PODFILE_DIR_PATH}/Podfile.lock",
				"${PODS_ROOT}/Manifest.lock",
			);
			name = "[CP] Check Pods Manifest.lock";
			outputPaths = (
				"$(DERIVED_FILE_DIR)/Pods-Watch-FOXTER-checkManifestLockResult.txt",
			);
			runOnlyForDeploymentPostprocessing = 0;
			shellPath = /bin/sh;
			shellScript = "diff \"${PODS_PODFILE_DIR_PATH}/Podfile.lock\" \"${PODS_ROOT}/Manifest.lock\" > /dev/null\nif [ $? != 0 ] ; then\n    # print error to STDERR\n    echo \"error: The sandbox is not in sync with the Podfile.lock. Run 'pod install' or update your CocoaPods installation.\" >&2\n    exit 1\nfi\n# This output is used by Xcode 'outputs' to avoid re-running this script phase.\necho \"SUCCESS\" > \"${SCRIPT_OUTPUT_FILE_0}\"\n";
			showEnvVarsInLog = 0;
		};
		4BA0598A205E55F90047894C /* ShellScript */ = {
			isa = PBXShellScriptBuildPhase;
			buildActionMask = 2147483647;
			files = (
			);
			inputPaths = (
			);
			outputPaths = (
			);
			runOnlyForDeploymentPostprocessing = 0;
			shellPath = /bin/sh;
			shellScript = "#   ON/OFF Script Toggle (script ON with #, script OFF without #)\n#exit 0\n\n#   Increment Build Number Bool (Increment ON with true, increment OFF with false)\nshouldIncrement=false\n\n#   App vesion / Build version constants\nversionNumber=$(/usr/libexec/PlistBuddy -c \"Print CFBundleShortVersionString\" \"$INFOPLIST_FILE\")\nbuildNumber=$(/usr/libexec/PlistBuddy -c \"Print CFBundleVersion\" \"$INFOPLIST_FILE\")\n\n#   Increment build number\nif [ \"$shouldIncrement\" = true ]; then\nbuildNumber=$(($buildNumber + 1))\n/usr/libexec/PlistBuddy -c \"Set :CFBundleVersion $buildNumber\" \"$INFOPLIST_FILE\"\nfi\n\n#   Output version & build numbers into a label on LaunchScreen.storyboard\nsed -i \"\" -e \"/userLabel=\\\"APP_VERSION\\\"/s/text=\\\"[^\\\"]*\\\"/text=\\\"version: $versionNumber\\\"/\" \"$PROJECT_DIR/Project/View/LaunchFoxter.storyboard\"";
		};
		4BA0599A205E55F90047894C /* [CP] Embed Pods Frameworks */ = {
			isa = PBXShellScriptBuildPhase;
			buildActionMask = 2147483647;
			files = (
			);
			inputPaths = (
				"${SRCROOT}/Pods/Target Support Files/Pods-Watch-FOXTER/Pods-Watch-FOXTER-frameworks.sh",
				"${BUILT_PRODUCTS_DIR}/Alamofire/Alamofire.framework",
				"${BUILT_PRODUCTS_DIR}/Charts/Charts.framework",
				"${BUILT_PRODUCTS_DIR}/HexColors/HexColors.framework",
				"${BUILT_PRODUCTS_DIR}/IQKeyboardManagerSwift/IQKeyboardManagerSwift.framework",
				"${BUILT_PRODUCTS_DIR}/MBProgressHUD/MBProgressHUD.framework",
				"${BUILT_PRODUCTS_DIR}/MagicalRecord/MagicalRecord.framework",
				"${BUILT_PRODUCTS_DIR}/Siren/Siren.framework",
				"${BUILT_PRODUCTS_DIR}/SwiftIconFont/SwiftIconFont.framework",
				"${BUILT_PRODUCTS_DIR}/SwiftyBeaver/SwiftyBeaver.framework",
				"${BUILT_PRODUCTS_DIR}/SwiftyJSON/SwiftyJSON.framework",
				"${BUILT_PRODUCTS_DIR}/SwiftyTimer/SwiftyTimer.framework",
			);
			name = "[CP] Embed Pods Frameworks";
			outputPaths = (
				"${TARGET_BUILD_DIR}/${FRAMEWORKS_FOLDER_PATH}/Alamofire.framework",
				"${TARGET_BUILD_DIR}/${FRAMEWORKS_FOLDER_PATH}/Charts.framework",
				"${TARGET_BUILD_DIR}/${FRAMEWORKS_FOLDER_PATH}/HexColors.framework",
				"${TARGET_BUILD_DIR}/${FRAMEWORKS_FOLDER_PATH}/IQKeyboardManagerSwift.framework",
				"${TARGET_BUILD_DIR}/${FRAMEWORKS_FOLDER_PATH}/MBProgressHUD.framework",
				"${TARGET_BUILD_DIR}/${FRAMEWORKS_FOLDER_PATH}/MagicalRecord.framework",
				"${TARGET_BUILD_DIR}/${FRAMEWORKS_FOLDER_PATH}/Siren.framework",
				"${TARGET_BUILD_DIR}/${FRAMEWORKS_FOLDER_PATH}/SwiftIconFont.framework",
				"${TARGET_BUILD_DIR}/${FRAMEWORKS_FOLDER_PATH}/SwiftyBeaver.framework",
				"${TARGET_BUILD_DIR}/${FRAMEWORKS_FOLDER_PATH}/SwiftyJSON.framework",
				"${TARGET_BUILD_DIR}/${FRAMEWORKS_FOLDER_PATH}/SwiftyTimer.framework",
			);
			runOnlyForDeploymentPostprocessing = 0;
			shellPath = /bin/sh;
			shellScript = "\"${SRCROOT}/Pods/Target Support Files/Pods-Watch-FOXTER/Pods-Watch-FOXTER-frameworks.sh\"\n";
			showEnvVarsInLog = 0;
		};
		4BA0599B205E55F90047894C /* [CP] Copy Pods Resources */ = {
			isa = PBXShellScriptBuildPhase;
			buildActionMask = 2147483647;
			files = (
			);
			inputPaths = (
			);
			name = "[CP] Copy Pods Resources";
			outputPaths = (
			);
			runOnlyForDeploymentPostprocessing = 0;
			shellPath = /bin/sh;
			shellScript = "\"${SRCROOT}/Pods/Target Support Files/Pods-Watch-FOXTER/Pods-Watch-FOXTER-resources.sh\"\n";
			showEnvVarsInLog = 0;
		};
		4BA059A2205E560B0047894C /* [CP] Check Pods Manifest.lock */ = {
			isa = PBXShellScriptBuildPhase;
			buildActionMask = 2147483647;
			files = (
			);
			inputPaths = (
				"${PODS_PODFILE_DIR_PATH}/Podfile.lock",
				"${PODS_ROOT}/Manifest.lock",
			);
			name = "[CP] Check Pods Manifest.lock";
			outputPaths = (
				"$(DERIVED_FILE_DIR)/Pods-Watch-SEAGULL-checkManifestLockResult.txt",
			);
			runOnlyForDeploymentPostprocessing = 0;
			shellPath = /bin/sh;
			shellScript = "diff \"${PODS_PODFILE_DIR_PATH}/Podfile.lock\" \"${PODS_ROOT}/Manifest.lock\" > /dev/null\nif [ $? != 0 ] ; then\n    # print error to STDERR\n    echo \"error: The sandbox is not in sync with the Podfile.lock. Run 'pod install' or update your CocoaPods installation.\" >&2\n    exit 1\nfi\n# This output is used by Xcode 'outputs' to avoid re-running this script phase.\necho \"SUCCESS\" > \"${SCRIPT_OUTPUT_FILE_0}\"\n";
			showEnvVarsInLog = 0;
		};
		4BA059C9205E560B0047894C /* ShellScript */ = {
			isa = PBXShellScriptBuildPhase;
			buildActionMask = 2147483647;
			files = (
			);
			inputPaths = (
			);
			outputPaths = (
			);
			runOnlyForDeploymentPostprocessing = 0;
			shellPath = /bin/sh;
			shellScript = "#   ON/OFF Script Toggle (script ON with #, script OFF without #)\n#exit 0\n\n#   Increment Build Number Bool (Increment ON with true, increment OFF with false)\nshouldIncrement=false\n\n#   App vesion / Build version constants\nversionNumber=$(/usr/libexec/PlistBuddy -c \"Print CFBundleShortVersionString\" \"$INFOPLIST_FILE\")\nbuildNumber=$(/usr/libexec/PlistBuddy -c \"Print CFBundleVersion\" \"$INFOPLIST_FILE\")\n\n#   Increment build number\nif [ \"$shouldIncrement\" = true ]; then\nbuildNumber=$(($buildNumber + 1))\n/usr/libexec/PlistBuddy -c \"Set :CFBundleVersion $buildNumber\" \"$INFOPLIST_FILE\"\nfi\n\n#   Output version & build numbers into a label on LaunchScreen.storyboard\nsed -i \"\" -e \"/userLabel=\\\"APP_VERSION\\\"/s/text=\\\"[^\\\"]*\\\"/text=\\\"version: $versionNumber\\\"/\" \"$PROJECT_DIR/Project/View/LaunchSeagull.storyboard\"";
		};
		4BA059D9205E560B0047894C /* [CP] Embed Pods Frameworks */ = {
			isa = PBXShellScriptBuildPhase;
			buildActionMask = 2147483647;
			files = (
			);
			inputPaths = (
				"${SRCROOT}/Pods/Target Support Files/Pods-Watch-SEAGULL/Pods-Watch-SEAGULL-frameworks.sh",
				"${BUILT_PRODUCTS_DIR}/Alamofire/Alamofire.framework",
				"${BUILT_PRODUCTS_DIR}/Charts/Charts.framework",
				"${BUILT_PRODUCTS_DIR}/HexColors/HexColors.framework",
				"${BUILT_PRODUCTS_DIR}/IQKeyboardManagerSwift/IQKeyboardManagerSwift.framework",
				"${BUILT_PRODUCTS_DIR}/MBProgressHUD/MBProgressHUD.framework",
				"${BUILT_PRODUCTS_DIR}/MagicalRecord/MagicalRecord.framework",
				"${BUILT_PRODUCTS_DIR}/Siren/Siren.framework",
				"${BUILT_PRODUCTS_DIR}/SwiftIconFont/SwiftIconFont.framework",
				"${BUILT_PRODUCTS_DIR}/SwiftyBeaver/SwiftyBeaver.framework",
				"${BUILT_PRODUCTS_DIR}/SwiftyJSON/SwiftyJSON.framework",
				"${BUILT_PRODUCTS_DIR}/SwiftyTimer/SwiftyTimer.framework",
			);
			name = "[CP] Embed Pods Frameworks";
			outputPaths = (
				"${TARGET_BUILD_DIR}/${FRAMEWORKS_FOLDER_PATH}/Alamofire.framework",
				"${TARGET_BUILD_DIR}/${FRAMEWORKS_FOLDER_PATH}/Charts.framework",
				"${TARGET_BUILD_DIR}/${FRAMEWORKS_FOLDER_PATH}/HexColors.framework",
				"${TARGET_BUILD_DIR}/${FRAMEWORKS_FOLDER_PATH}/IQKeyboardManagerSwift.framework",
				"${TARGET_BUILD_DIR}/${FRAMEWORKS_FOLDER_PATH}/MBProgressHUD.framework",
				"${TARGET_BUILD_DIR}/${FRAMEWORKS_FOLDER_PATH}/MagicalRecord.framework",
				"${TARGET_BUILD_DIR}/${FRAMEWORKS_FOLDER_PATH}/Siren.framework",
				"${TARGET_BUILD_DIR}/${FRAMEWORKS_FOLDER_PATH}/SwiftIconFont.framework",
				"${TARGET_BUILD_DIR}/${FRAMEWORKS_FOLDER_PATH}/SwiftyBeaver.framework",
				"${TARGET_BUILD_DIR}/${FRAMEWORKS_FOLDER_PATH}/SwiftyJSON.framework",
				"${TARGET_BUILD_DIR}/${FRAMEWORKS_FOLDER_PATH}/SwiftyTimer.framework",
			);
			runOnlyForDeploymentPostprocessing = 0;
			shellPath = /bin/sh;
			shellScript = "\"${SRCROOT}/Pods/Target Support Files/Pods-Watch-SEAGULL/Pods-Watch-SEAGULL-frameworks.sh\"\n";
			showEnvVarsInLog = 0;
		};
		4BA059DA205E560B0047894C /* [CP] Copy Pods Resources */ = {
			isa = PBXShellScriptBuildPhase;
			buildActionMask = 2147483647;
			files = (
			);
			inputPaths = (
			);
			name = "[CP] Copy Pods Resources";
			outputPaths = (
			);
			runOnlyForDeploymentPostprocessing = 0;
			shellPath = /bin/sh;
			shellScript = "\"${SRCROOT}/Pods/Target Support Files/Pods-Watch-SEAGULL/Pods-Watch-SEAGULL-resources.sh\"\n";
			showEnvVarsInLog = 0;
		};
		4FD2103C3723A7F7250F7C80 /* [CP] Embed Pods Frameworks */ = {
			isa = PBXShellScriptBuildPhase;
			buildActionMask = 2147483647;
			files = (
			);
			inputPaths = (
				"${SRCROOT}/Pods/Target Support Files/Pods-Watch-TAYLOR/Pods-Watch-TAYLOR-frameworks.sh",
				"${BUILT_PRODUCTS_DIR}/Alamofire/Alamofire.framework",
				"${BUILT_PRODUCTS_DIR}/Charts/Charts.framework",
				"${BUILT_PRODUCTS_DIR}/HexColors/HexColors.framework",
				"${BUILT_PRODUCTS_DIR}/IQKeyboardManagerSwift/IQKeyboardManagerSwift.framework",
				"${BUILT_PRODUCTS_DIR}/MBProgressHUD/MBProgressHUD.framework",
				"${BUILT_PRODUCTS_DIR}/MagicalRecord/MagicalRecord.framework",
				"${BUILT_PRODUCTS_DIR}/Siren/Siren.framework",
				"${BUILT_PRODUCTS_DIR}/SwiftIconFont/SwiftIconFont.framework",
				"${BUILT_PRODUCTS_DIR}/SwiftyBeaver/SwiftyBeaver.framework",
				"${BUILT_PRODUCTS_DIR}/SwiftyJSON/SwiftyJSON.framework",
				"${BUILT_PRODUCTS_DIR}/SwiftyTimer/SwiftyTimer.framework",
			);
			name = "[CP] Embed Pods Frameworks";
			outputPaths = (
				"${TARGET_BUILD_DIR}/${FRAMEWORKS_FOLDER_PATH}/Alamofire.framework",
				"${TARGET_BUILD_DIR}/${FRAMEWORKS_FOLDER_PATH}/Charts.framework",
				"${TARGET_BUILD_DIR}/${FRAMEWORKS_FOLDER_PATH}/HexColors.framework",
				"${TARGET_BUILD_DIR}/${FRAMEWORKS_FOLDER_PATH}/IQKeyboardManagerSwift.framework",
				"${TARGET_BUILD_DIR}/${FRAMEWORKS_FOLDER_PATH}/MBProgressHUD.framework",
				"${TARGET_BUILD_DIR}/${FRAMEWORKS_FOLDER_PATH}/MagicalRecord.framework",
				"${TARGET_BUILD_DIR}/${FRAMEWORKS_FOLDER_PATH}/Siren.framework",
				"${TARGET_BUILD_DIR}/${FRAMEWORKS_FOLDER_PATH}/SwiftIconFont.framework",
				"${TARGET_BUILD_DIR}/${FRAMEWORKS_FOLDER_PATH}/SwiftyBeaver.framework",
				"${TARGET_BUILD_DIR}/${FRAMEWORKS_FOLDER_PATH}/SwiftyJSON.framework",
				"${TARGET_BUILD_DIR}/${FRAMEWORKS_FOLDER_PATH}/SwiftyTimer.framework",
			);
			runOnlyForDeploymentPostprocessing = 0;
			shellPath = /bin/sh;
			shellScript = "\"${SRCROOT}/Pods/Target Support Files/Pods-Watch-TAYLOR/Pods-Watch-TAYLOR-frameworks.sh\"\n";
			showEnvVarsInLog = 0;
		};
		6D7AA5B64D450DCC6351DA1C /* [CP] Check Pods Manifest.lock */ = {
			isa = PBXShellScriptBuildPhase;
			buildActionMask = 2147483647;
			files = (
			);
			inputPaths = (
				"${PODS_PODFILE_DIR_PATH}/Podfile.lock",
				"${PODS_ROOT}/Manifest.lock",
			);
			name = "[CP] Check Pods Manifest.lock";
			outputPaths = (
				"$(DERIVED_FILE_DIR)/Pods-Watch-TAYLOR-checkManifestLockResult.txt",
			);
			runOnlyForDeploymentPostprocessing = 0;
			shellPath = /bin/sh;
			shellScript = "diff \"${PODS_PODFILE_DIR_PATH}/Podfile.lock\" \"${PODS_ROOT}/Manifest.lock\" > /dev/null\nif [ $? != 0 ] ; then\n    # print error to STDERR\n    echo \"error: The sandbox is not in sync with the Podfile.lock. Run 'pod install' or update your CocoaPods installation.\" >&2\n    exit 1\nfi\n# This output is used by Xcode 'outputs' to avoid re-running this script phase.\necho \"SUCCESS\" > \"${SCRIPT_OUTPUT_FILE_0}\"\n";
			showEnvVarsInLog = 0;
		};
		A952F651E2CFA6C71A4379E1 /* [CP] Copy Pods Resources */ = {
			isa = PBXShellScriptBuildPhase;
			buildActionMask = 2147483647;
			files = (
			);
			inputPaths = (
			);
			name = "[CP] Copy Pods Resources";
			outputPaths = (
			);
			runOnlyForDeploymentPostprocessing = 0;
			shellPath = /bin/sh;
			shellScript = "\"${SRCROOT}/Pods/Target Support Files/Pods-Watch-TAYLOR/Pods-Watch-TAYLOR-resources.sh\"\n";
			showEnvVarsInLog = 0;
		};
/* End PBXShellScriptBuildPhase section */

/* Begin PBXSourcesBuildPhase section */
		4BA05964205E55F90047894C /* Sources */ = {
			isa = PBXSourcesBuildPhase;
			buildActionMask = 2147483647;
			files = (
				4BA05965205E55F90047894C /* RoundView.swift in Sources */,
				4BA05966205E55F90047894C /* ApiHelper.swift in Sources */,
				4BA05967205E55F90047894C /* BluetoothController.swift in Sources */,
				4BA05968205E55F90047894C /* TimeController.swift in Sources */,
				4BA05969205E55F90047894C /* DeviceOptionsController.swift in Sources */,
				4BA0596A205E55F90047894C /* BaseNavigationController.swift in Sources */,
				4BA0596B205E55F90047894C /* ProfileController.swift in Sources */,
				4BA0596C205E55F90047894C /* SBManager.swift in Sources */,
				4BA0596D205E55F90047894C /* ScanViewController.swift in Sources */,
				4BA0596E205E55F90047894C /* RoundButton.swift in Sources */,
				4BA0596F205E55F90047894C /* HealthController.swift in Sources */,
				4BA05970205E55F90047894C /* AppDelegate.swift in Sources */,
				4BA05971205E55F90047894C /* Config.swift in Sources */,
				4BA05972205E55F90047894C /* WatchFace.swift in Sources */,
				4BA05973205E55F90047894C /* Project.xcdatamodel in Sources */,
				4BA05974205E55F90047894C /* HealthOptions.swift in Sources */,
				4BA05975205E55F90047894C /* SettingController.swift in Sources */,
				4BA05976205E55F90047894C /* SBManager+watch.swift in Sources */,
				4BA05977205E55F90047894C /* DesignableView.swift in Sources */,
				4BA05978205E55F90047894C /* Step+Extension.swift in Sources */,
				4BA05979205E55F90047894C /* WatchView.swift in Sources */,
				4BA0597A205E55F90047894C /* TitleView.swift in Sources */,
				4BA0597B205E55F90047894C /* TimeZoneController.swift in Sources */,
				4BA0597C205E55F90047894C /* BaseViewController.swift in Sources */,
				4BA0597D205E55F90047894C /* Helper.swift in Sources */,
				4BA0597E205E55F90047894C /* Notification+Extension.swift in Sources */,
				4BA0597F205E55F90047894C /* InfoController.swift in Sources */,
				4BA05980205E55F90047894C /* HomeController.swift in Sources */,
				4B0E24CE2067CD6200B66ACD /* ResizedTabBar.swift in Sources */,
				4BA05981205E55F90047894C /* CBUtils.swift in Sources */,
				4BA05982205E55F90047894C /* NavigationBar.swift in Sources */,
				4BA05983205E55F90047894C /* SBService+Extension.swift in Sources */,
				4BA05984205E55F90047894C /* ApiHelper+Define.swift in Sources */,
				4BA05985205E55F90047894C /* SBPeripheral.swift in Sources */,
				4BA05986205E55F90047894C /* SBManager+enum.swift in Sources */,
				4BA05987205E55F90047894C /* BalloonMarker.swift in Sources */,
			);
			runOnlyForDeploymentPostprocessing = 0;
		};
		4BA059A3205E560B0047894C /* Sources */ = {
			isa = PBXSourcesBuildPhase;
			buildActionMask = 2147483647;
			files = (
				4BA059A4205E560B0047894C /* RoundView.swift in Sources */,
				4BA059A5205E560B0047894C /* ApiHelper.swift in Sources */,
				4BA059A6205E560B0047894C /* BluetoothController.swift in Sources */,
				4BA059A7205E560B0047894C /* TimeController.swift in Sources */,
				4BA059A8205E560B0047894C /* DeviceOptionsController.swift in Sources */,
				4BA059A9205E560B0047894C /* BaseNavigationController.swift in Sources */,
				4BA059AA205E560B0047894C /* ProfileController.swift in Sources */,
				4BA059AB205E560B0047894C /* SBManager.swift in Sources */,
				4BA059AC205E560B0047894C /* ScanViewController.swift in Sources */,
				4BA059AD205E560B0047894C /* RoundButton.swift in Sources */,
				4BA059AE205E560B0047894C /* HealthController.swift in Sources */,
				4BA059AF205E560B0047894C /* AppDelegate.swift in Sources */,
				4BA059B0205E560B0047894C /* Config.swift in Sources */,
				4BA059B1205E560B0047894C /* WatchFace.swift in Sources */,
				4BA059B2205E560B0047894C /* Project.xcdatamodel in Sources */,
				4BA059B3205E560B0047894C /* HealthOptions.swift in Sources */,
				4BA059B4205E560B0047894C /* SettingController.swift in Sources */,
				4BA059B5205E560B0047894C /* SBManager+watch.swift in Sources */,
				4BA059B6205E560B0047894C /* DesignableView.swift in Sources */,
				4BA059B7205E560B0047894C /* Step+Extension.swift in Sources */,
				4BA059B8205E560B0047894C /* WatchView.swift in Sources */,
				4BA059B9205E560B0047894C /* TitleView.swift in Sources */,
				4BA059BA205E560B0047894C /* TimeZoneController.swift in Sources */,
				4BA059BB205E560B0047894C /* BaseViewController.swift in Sources */,
				4BA059BC205E560B0047894C /* Helper.swift in Sources */,
				4BA059BD205E560B0047894C /* Notification+Extension.swift in Sources */,
				4BA059BE205E560B0047894C /* InfoController.swift in Sources */,
				4BA059BF205E560B0047894C /* HomeController.swift in Sources */,
				4B0E24CF2067CD6200B66ACD /* ResizedTabBar.swift in Sources */,
				4BA059C0205E560B0047894C /* CBUtils.swift in Sources */,
				4BA059C1205E560B0047894C /* NavigationBar.swift in Sources */,
				4BA059C2205E560B0047894C /* SBService+Extension.swift in Sources */,
				4BA059C3205E560B0047894C /* ApiHelper+Define.swift in Sources */,
				4BA059C4205E560B0047894C /* SBPeripheral.swift in Sources */,
				4BA059C5205E560B0047894C /* SBManager+enum.swift in Sources */,
				4BA059C6205E560B0047894C /* BalloonMarker.swift in Sources */,
			);
			runOnlyForDeploymentPostprocessing = 0;
		};
		4BA6EE051EE87B7B0098C4DA /* Sources */ = {
			isa = PBXSourcesBuildPhase;
			buildActionMask = 2147483647;
			files = (
				4B2BB277200FBCF000ED482E /* RoundView.swift in Sources */,
				4BDF650A1F124471003230A1 /* ApiHelper.swift in Sources */,
				0A32C5582047AA9600BD6A5B /* BluetoothController.swift in Sources */,
				4B1363941FD25D8000AAE628 /* TimeController.swift in Sources */,
				4B167E9E2014A31D009DCD4D /* DeviceOptionsController.swift in Sources */,
				4B167EC120166C82009DCD4D /* BaseNavigationController.swift in Sources */,
				4B8EAB29201F83EC00B2A9C6 /* ProfileController.swift in Sources */,
				0A1A85281FC595FF00EEA718 /* SBManager.swift in Sources */,
				0A0B53151FC6C53100CC094D /* ScanViewController.swift in Sources */,
				4B2BB29120113EBF00ED482E /* RoundButton.swift in Sources */,
				4B48DA352017B9460067ECA0 /* HealthController.swift in Sources */,
				4BA6EE0D1EE87B7B0098C4DA /* AppDelegate.swift in Sources */,
				4B9F7DDC1EEEF932009C13A5 /* Config.swift in Sources */,
				4B2BB28820112BB500ED482E /* WatchFace.swift in Sources */,
				4B61EA1C1FDC6F5B001FA30F /* Project.xcdatamodel in Sources */,
				4BBED733202630EB00B560F4 /* HealthOptions.swift in Sources */,
				4B32BADF1FD30EF700EFC3E4 /* SettingController.swift in Sources */,
				4B2BB26E200B767A00ED482E /* SBManager+watch.swift in Sources */,
				4B2BB275200FBC2900ED482E /* DesignableView.swift in Sources */,
				0A27F68F202946A600BAA063 /* Step+Extension.swift in Sources */,
				4B2BB273200D22A900ED482E /* WatchView.swift in Sources */,
				4B2BB27D200FC94400ED482E /* TitleView.swift in Sources */,
				4B48DA382018F9C60067ECA0 /* TimeZoneController.swift in Sources */,
				4B7277991F12A021009AC306 /* BaseViewController.swift in Sources */,
				4B9F7DDA1EEEF8FC009C13A5 /* Helper.swift in Sources */,
				4B61EA131FDC6263001FA30F /* Notification+Extension.swift in Sources */,
				4BF01A621FCD66A2009B1262 /* InfoController.swift in Sources */,
				4B2BB2832011182300ED482E /* HomeController.swift in Sources */,
				4B0E24CD2067CD6200B66ACD /* ResizedTabBar.swift in Sources */,
				4B3BD6B92030527500B7A3BD /* CBUtils.swift in Sources */,
				4B167EBF20166900009DCD4D /* NavigationBar.swift in Sources */,
				4B6691B9203C20E6001421CB /* SBService+Extension.swift in Sources */,
				4BDF650C1F124531003230A1 /* ApiHelper+Define.swift in Sources */,
				4B8E585C1FC4A45E00FE7B75 /* SBPeripheral.swift in Sources */,
				4B5971E11FCF35B300F744F9 /* SBManager+enum.swift in Sources */,
				4B6DB859204AEC5F0029A10E /* BalloonMarker.swift in Sources */,
			);
			runOnlyForDeploymentPostprocessing = 0;
		};
/* End PBXSourcesBuildPhase section */

/* Begin PBXVariantGroup section */
		4B0E24D82067E70F00B66ACD /* Localizable.strings */ = {
			isa = PBXVariantGroup;
			children = (
				4B0E24D72067E70F00B66ACD /* en */,
				4B0E24D92067E71B00B66ACD /* fr */,
				4B0E24DA2067E72400B66ACD /* zh-Hans */,
				4B0E24DB2067E72B00B66ACD /* zh-Hant */,
				4B0E24DC2067E89C00B66ACD /* ja */,
			);
			name = Localizable.strings;
			sourceTree = "<group>";
		};
/* End PBXVariantGroup section */

/* Begin XCBuildConfiguration section */
		4BA0599D205E55F90047894C /* Debug */ = {
			isa = XCBuildConfiguration;
			baseConfigurationReference = 943BEF5C5AA563FBDD5CEBB0 /* Pods-Watch-FOXTER.debug.xcconfig */;
			buildSettings = {
				ASSETCATALOG_COMPILER_APPICON_NAME = IconFoxter;
				DEVELOPMENT_TEAM = Q5WH5HB3TQ;
				INFOPLIST_FILE = Project/Info_foxter.plist;
				IPHONEOS_DEPLOYMENT_TARGET = 10.0;
				LD_RUNPATH_SEARCH_PATHS = "$(inherited) @executable_path/Frameworks";
				OTHER_SWIFT_FLAGS = "$(inherited) \"-D\" \"COCOAPODS\" -D DEBUG";
				PRODUCT_BUNDLE_IDENTIFIER = com.bsd.cbdemo.foxter;
				PRODUCT_NAME = "$(TARGET_NAME)";
				SWIFT_OBJC_BRIDGING_HEADER = "Project/TAYLOR-Bridging-Header.h";
				SWIFT_VERSION = 3.0;
				TARGETED_DEVICE_FAMILY = 1;
			};
			name = Debug;
		};
		4BA0599E205E55F90047894C /* Release */ = {
			isa = XCBuildConfiguration;
			baseConfigurationReference = 7C35C5C1FD5EF6362689C060 /* Pods-Watch-FOXTER.release.xcconfig */;
			buildSettings = {
				ASSETCATALOG_COMPILER_APPICON_NAME = IconFoxter;
				DEVELOPMENT_TEAM = Q5WH5HB3TQ;
				INFOPLIST_FILE = Project/Info_foxter.plist;
				IPHONEOS_DEPLOYMENT_TARGET = 10.0;
				LD_RUNPATH_SEARCH_PATHS = "$(inherited) @executable_path/Frameworks";
				PRODUCT_BUNDLE_IDENTIFIER = com.bsd.cbdemo.foxter;
				PRODUCT_NAME = "$(TARGET_NAME)";
				SWIFT_OBJC_BRIDGING_HEADER = "Project/TAYLOR-Bridging-Header.h";
				SWIFT_VERSION = 3.0;
				TARGETED_DEVICE_FAMILY = 1;
			};
			name = Release;
		};
		4BA059DC205E560B0047894C /* Debug */ = {
			isa = XCBuildConfiguration;
			baseConfigurationReference = 54F53706EDF6FD04E92BA5EC /* Pods-Watch-SEAGULL.debug.xcconfig */;
			buildSettings = {
				ASSETCATALOG_COMPILER_APPICON_NAME = IconSeagull;
				DEVELOPMENT_TEAM = Q5WH5HB3TQ;
				INFOPLIST_FILE = Project/Info_seagull.plist;
				IPHONEOS_DEPLOYMENT_TARGET = 10.0;
				LD_RUNPATH_SEARCH_PATHS = "$(inherited) @executable_path/Frameworks";
				OTHER_SWIFT_FLAGS = "$(inherited) \"-D\" \"COCOAPODS\" -D DEBUG";
				PRODUCT_BUNDLE_IDENTIFIER = com.bsd.cbdemo.seagull;
				PRODUCT_NAME = "$(TARGET_NAME)";
				SWIFT_OBJC_BRIDGING_HEADER = "Project/TAYLOR-Bridging-Header.h";
				SWIFT_VERSION = 3.0;
				TARGETED_DEVICE_FAMILY = 1;
			};
			name = Debug;
		};
		4BA059DD205E560B0047894C /* Release */ = {
			isa = XCBuildConfiguration;
			baseConfigurationReference = 04ACC91F2F4B1854C066D829 /* Pods-Watch-SEAGULL.release.xcconfig */;
			buildSettings = {
				ASSETCATALOG_COMPILER_APPICON_NAME = IconSeagull;
				DEVELOPMENT_TEAM = Q5WH5HB3TQ;
				INFOPLIST_FILE = Project/Info_seagull.plist;
				IPHONEOS_DEPLOYMENT_TARGET = 10.0;
				LD_RUNPATH_SEARCH_PATHS = "$(inherited) @executable_path/Frameworks";
				PRODUCT_BUNDLE_IDENTIFIER = com.bsd.cbdemo.seagull;
				PRODUCT_NAME = "$(TARGET_NAME)";
				SWIFT_OBJC_BRIDGING_HEADER = "Project/TAYLOR-Bridging-Header.h";
				SWIFT_VERSION = 3.0;
				TARGETED_DEVICE_FAMILY = 1;
			};
			name = Release;
		};
		4BA6EE321EE87B7B0098C4DA /* Debug */ = {
			isa = XCBuildConfiguration;
			buildSettings = {
				ALWAYS_SEARCH_USER_PATHS = NO;
				CLANG_ANALYZER_LOCALIZABILITY_NONLOCALIZED = YES;
				CLANG_ANALYZER_NONNULL = YES;
				CLANG_ANALYZER_NUMBER_OBJECT_CONVERSION = YES_AGGRESSIVE;
				CLANG_CXX_LANGUAGE_STANDARD = "gnu++0x";
				CLANG_CXX_LIBRARY = "libc++";
				CLANG_ENABLE_MODULES = YES;
				CLANG_ENABLE_OBJC_ARC = YES;
				CLANG_WARN_BOOL_CONVERSION = YES;
				CLANG_WARN_CONSTANT_CONVERSION = YES;
				CLANG_WARN_DIRECT_OBJC_ISA_USAGE = YES_ERROR;
				CLANG_WARN_DOCUMENTATION_COMMENTS = YES;
				CLANG_WARN_EMPTY_BODY = YES;
				CLANG_WARN_ENUM_CONVERSION = YES;
				CLANG_WARN_INFINITE_RECURSION = YES;
				CLANG_WARN_INT_CONVERSION = YES;
				CLANG_WARN_OBJC_ROOT_CLASS = YES_ERROR;
				CLANG_WARN_SUSPICIOUS_MOVE = YES;
				CLANG_WARN_UNREACHABLE_CODE = YES;
				CLANG_WARN__DUPLICATE_METHOD_MATCH = YES;
				"CODE_SIGN_IDENTITY[sdk=iphoneos*]" = "iPhone Developer";
				COPY_PHASE_STRIP = NO;
				DEBUG_INFORMATION_FORMAT = dwarf;
				ENABLE_STRICT_OBJC_MSGSEND = YES;
				ENABLE_TESTABILITY = YES;
				GCC_C_LANGUAGE_STANDARD = gnu99;
				GCC_DYNAMIC_NO_PIC = NO;
				GCC_NO_COMMON_BLOCKS = YES;
				GCC_OPTIMIZATION_LEVEL = 0;
				GCC_PREPROCESSOR_DEFINITIONS = (
					"DEBUG=1",
					"$(inherited)",
				);
				GCC_WARN_64_TO_32_BIT_CONVERSION = YES;
				GCC_WARN_ABOUT_RETURN_TYPE = YES_ERROR;
				GCC_WARN_UNDECLARED_SELECTOR = YES;
				GCC_WARN_UNINITIALIZED_AUTOS = YES_AGGRESSIVE;
				GCC_WARN_UNUSED_FUNCTION = YES;
				GCC_WARN_UNUSED_VARIABLE = YES;
				IPHONEOS_DEPLOYMENT_TARGET = 10.0;
				MTL_ENABLE_DEBUG_INFO = YES;
				ONLY_ACTIVE_ARCH = YES;
				SDKROOT = iphoneos;
				SWIFT_ACTIVE_COMPILATION_CONDITIONS = DEBUG;
				SWIFT_OPTIMIZATION_LEVEL = "-Onone";
				TARGETED_DEVICE_FAMILY = "1,2";
			};
			name = Debug;
		};
		4BA6EE331EE87B7B0098C4DA /* Release */ = {
			isa = XCBuildConfiguration;
			buildSettings = {
				ALWAYS_SEARCH_USER_PATHS = NO;
				CLANG_ANALYZER_LOCALIZABILITY_NONLOCALIZED = YES;
				CLANG_ANALYZER_NONNULL = YES;
				CLANG_ANALYZER_NUMBER_OBJECT_CONVERSION = YES_AGGRESSIVE;
				CLANG_CXX_LANGUAGE_STANDARD = "gnu++0x";
				CLANG_CXX_LIBRARY = "libc++";
				CLANG_ENABLE_MODULES = YES;
				CLANG_ENABLE_OBJC_ARC = YES;
				CLANG_WARN_BOOL_CONVERSION = YES;
				CLANG_WARN_CONSTANT_CONVERSION = YES;
				CLANG_WARN_DIRECT_OBJC_ISA_USAGE = YES_ERROR;
				CLANG_WARN_DOCUMENTATION_COMMENTS = YES;
				CLANG_WARN_EMPTY_BODY = YES;
				CLANG_WARN_ENUM_CONVERSION = YES;
				CLANG_WARN_INFINITE_RECURSION = YES;
				CLANG_WARN_INT_CONVERSION = YES;
				CLANG_WARN_OBJC_ROOT_CLASS = YES_ERROR;
				CLANG_WARN_SUSPICIOUS_MOVE = YES;
				CLANG_WARN_UNREACHABLE_CODE = YES;
				CLANG_WARN__DUPLICATE_METHOD_MATCH = YES;
				"CODE_SIGN_IDENTITY[sdk=iphoneos*]" = "iPhone Developer";
				COPY_PHASE_STRIP = NO;
				DEBUG_INFORMATION_FORMAT = "dwarf-with-dsym";
				ENABLE_NS_ASSERTIONS = NO;
				ENABLE_STRICT_OBJC_MSGSEND = YES;
				GCC_C_LANGUAGE_STANDARD = gnu99;
				GCC_NO_COMMON_BLOCKS = YES;
				GCC_WARN_64_TO_32_BIT_CONVERSION = YES;
				GCC_WARN_ABOUT_RETURN_TYPE = YES_ERROR;
				GCC_WARN_UNDECLARED_SELECTOR = YES;
				GCC_WARN_UNINITIALIZED_AUTOS = YES_AGGRESSIVE;
				GCC_WARN_UNUSED_FUNCTION = YES;
				GCC_WARN_UNUSED_VARIABLE = YES;
				IPHONEOS_DEPLOYMENT_TARGET = 10.0;
				MTL_ENABLE_DEBUG_INFO = NO;
				SDKROOT = iphoneos;
				SWIFT_OPTIMIZATION_LEVEL = "-Owholemodule";
				TARGETED_DEVICE_FAMILY = "1,2";
				VALIDATE_PRODUCT = YES;
			};
			name = Release;
		};
		4BA6EE351EE87B7B0098C4DA /* Debug */ = {
			isa = XCBuildConfiguration;
			baseConfigurationReference = 0E46DD65E142BCC5744063A2 /* Pods-Watch-TAYLOR.debug.xcconfig */;
			buildSettings = {
				ASSETCATALOG_COMPILER_APPICON_NAME = IconTaylor;
				CLANG_ENABLE_MODULES = YES;
				DEVELOPMENT_TEAM = Q5WH5HB3TQ;
				INFOPLIST_FILE = Project/Info_taylor.plist;
				IPHONEOS_DEPLOYMENT_TARGET = 10.0;
				LD_RUNPATH_SEARCH_PATHS = "$(inherited) @executable_path/Frameworks";
				OTHER_SWIFT_FLAGS = "$(inherited) \"-D\" \"COCOAPODS\" -D DEBUG";
				PRODUCT_BUNDLE_IDENTIFIER = com.bsd.cbdemo.enterprise;
				PRODUCT_NAME = "$(TARGET_NAME)";
				SWIFT_OBJC_BRIDGING_HEADER = "Project/TAYLOR-Bridging-Header.h";
				SWIFT_OPTIMIZATION_LEVEL = "-Onone";
				SWIFT_VERSION = 3.0;
				TARGETED_DEVICE_FAMILY = 1;
			};
			name = Debug;
		};
		4BA6EE361EE87B7B0098C4DA /* Release */ = {
			isa = XCBuildConfiguration;
			baseConfigurationReference = 61FD412B0F7A703DD62F48A2 /* Pods-Watch-TAYLOR.release.xcconfig */;
			buildSettings = {
				ASSETCATALOG_COMPILER_APPICON_NAME = IconTaylor;
				CLANG_ENABLE_MODULES = YES;
				DEVELOPMENT_TEAM = Q5WH5HB3TQ;
				INFOPLIST_FILE = Project/Info_taylor.plist;
				IPHONEOS_DEPLOYMENT_TARGET = 10.0;
				LD_RUNPATH_SEARCH_PATHS = "$(inherited) @executable_path/Frameworks";
				PRODUCT_BUNDLE_IDENTIFIER = com.bsd.cbdemo.enterprise;
				PRODUCT_NAME = "$(TARGET_NAME)";
				SWIFT_OBJC_BRIDGING_HEADER = "Project/TAYLOR-Bridging-Header.h";
				SWIFT_VERSION = 3.0;
				TARGETED_DEVICE_FAMILY = 1;
			};
			name = Release;
		};
/* End XCBuildConfiguration section */

/* Begin XCConfigurationList section */
		4BA0599C205E55F90047894C /* Build configuration list for PBXNativeTarget "FOXTER" */ = {
			isa = XCConfigurationList;
			buildConfigurations = (
				4BA0599D205E55F90047894C /* Debug */,
				4BA0599E205E55F90047894C /* Release */,
			);
			defaultConfigurationIsVisible = 0;
			defaultConfigurationName = Release;
		};
		4BA059DB205E560B0047894C /* Build configuration list for PBXNativeTarget "SEAGULL" */ = {
			isa = XCConfigurationList;
			buildConfigurations = (
				4BA059DC205E560B0047894C /* Debug */,
				4BA059DD205E560B0047894C /* Release */,
			);
			defaultConfigurationIsVisible = 0;
			defaultConfigurationName = Release;
		};
		4BA6EE041EE87B7B0098C4DA /* Build configuration list for PBXProject "Taylor" */ = {
			isa = XCConfigurationList;
			buildConfigurations = (
				4BA6EE321EE87B7B0098C4DA /* Debug */,
				4BA6EE331EE87B7B0098C4DA /* Release */,
			);
			defaultConfigurationIsVisible = 0;
			defaultConfigurationName = Release;
		};
		4BA6EE341EE87B7B0098C4DA /* Build configuration list for PBXNativeTarget "TAYLOR" */ = {
			isa = XCConfigurationList;
			buildConfigurations = (
				4BA6EE351EE87B7B0098C4DA /* Debug */,
				4BA6EE361EE87B7B0098C4DA /* Release */,
			);
			defaultConfigurationIsVisible = 0;
			defaultConfigurationName = Release;
		};
/* End XCConfigurationList section */
	};
	rootObject = 4BA6EE011EE87B7B0098C4DA /* Project object */;
}
